
Microsoft Visual Studio Solution File, Format Version 12.00
# Visual Studio Version 17
VisualStudioVersion = 17.9.34728.123
MinimumVisualStudioVersion = 10.0.40219.1
Project("{2150E333-8FDC-42A3-9474-1A3956D46DE8}") = "Sem. 01", "Sem. 01", "{750098B4-5CBC-4F08-A4F4-7C6615E763A7}"
EndProject
Project("{2150E333-8FDC-42A3-9474-1A3956D46DE8}") = "Seminars", "Seminars", "{B0BAA5B6-0FF7-430A-BF1F-A4478E22243F}"
EndProject
Project("{2150E333-8FDC-42A3-9474-1A3956D46DE8}") = "Practices", "Practices", "{A91C7588-BC04-41EC-A134-582277AAFD8B}"
EndProject
Project("{8BC9CEB8-8B4A-11D0-8D11-00A0C91BC942}") = "Sem01.01", "Seminars\Sem01\Sem01.01\Sem01.01.vcxproj", "{4F2C462C-EE29-4E0C-8CF1-01876B77CCA6}"
EndProject
Project("{8BC9CEB8-8B4A-11D0-8D11-00A0C91BC942}") = "Sem01.02", "Seminars\Sem01\Sem01.02\Sem01.02.vcxproj", "{9ACB3068-AF7B-4C12-B8EE-B24083028081}"
EndProject
Project("{8BC9CEB8-8B4A-11D0-8D11-00A0C91BC942}") = "Sem01.03", "Seminars\Sem01\Sem01.03\Sem01.03.vcxproj", "{54A412C2-BCE0-4D25-ADED-1FBFF2818FFA}"
EndProject
Project("{8BC9CEB8-8B4A-11D0-8D11-00A0C91BC942}") = "Sem01.04", "Seminars\Sem01\Sem01.04\Sem01.04.vcxproj", "{0D8D6552-9516-495C-B830-AA77BBDFBE1F}"
EndProject
Project("{8BC9CEB8-8B4A-11D0-8D11-00A0C91BC942}") = "Sem01.05", "Seminars\Sem01\Sem01.05\Sem01.05.vcxproj", "{89563127-7D76-4F1D-AA49-71AE4F7DF25D}"
EndProject
Project("{8BC9CEB8-8B4A-11D0-8D11-00A0C91BC942}") = "Sem01.06", "Seminars\Sem01\Sem01.06\Sem01.06.vcxproj", "{35AB7EC2-E1FA-4FF3-8ECD-46F7D3336E29}"
EndProject
Project("{8BC9CEB8-8B4A-11D0-8D11-00A0C91BC942}") = "Sem01.07", "Seminars\Sem01\Sem01.07\Sem01.07.vcxproj", "{FF203E8D-1F15-4AF6-95E1-2EF86E1EDC1F}"
EndProject
Project("{8BC9CEB8-8B4A-11D0-8D11-00A0C91BC942}") = "Sem01.08", "Seminars\Sem01\Sem01.08\Sem01.08.vcxproj", "{08131D57-E9A4-42A7-8E15-F7218D682154}"
EndProject
Project("{8BC9CEB8-8B4A-11D0-8D11-00A0C91BC942}") = "Sem01.09", "Seminars\Sem01\Sem01.09\Sem01.09.vcxproj", "{5329A6BB-9B1B-40EC-A13C-B20137EB3D4B}"
EndProject
Project("{2150E333-8FDC-42A3-9474-1A3956D46DE8}") = "Pract01", "Pract01", "{D7760B47-1B88-4988-B53F-76755465C498}"
EndProject
Project("{8BC9CEB8-8B4A-11D0-8D11-00A0C91BC942}") = "Pract01.01", "Practices\Pract01\Pract01.01\Pract01.01.vcxproj", "{BD3B0A75-8B79-4DC9-83CC-20E9E2E78109}"
EndProject
Project("{8BC9CEB8-8B4A-11D0-8D11-00A0C91BC942}") = "Pract01.02", "Practices\Pract01\Pract01.02\Pract01.02.vcxproj", "{612D1571-F9F5-4876-A490-84B205E675FC}"
EndProject
Project("{8BC9CEB8-8B4A-11D0-8D11-00A0C91BC942}") = "Pract01.03", "Practices\Pract01\Pract01.03\Pract01.03.vcxproj", "{19BD659F-D474-466F-9CFF-9BA99A27FBC4}"
EndProject
Project("{8BC9CEB8-8B4A-11D0-8D11-00A0C91BC942}") = "Pract01.04", "Practices\Pract01\Pract01.04\Pract01.04.vcxproj", "{D09CBED5-85FD-407B-8C27-087D974175AD}"
EndProject
Project("{8BC9CEB8-8B4A-11D0-8D11-00A0C91BC942}") = "Pract01.05", "Practices\Pract01\Pract01.05\Pract01.05.vcxproj", "{472E1209-19AB-475C-A7E6-6766878B714E}"
EndProject
Project("{8BC9CEB8-8B4A-11D0-8D11-00A0C91BC942}") = "Pract01.06", "Practices\Pract01\Pract01.06\Pract01.06.vcxproj", "{28306865-BA10-4E7C-B368-4767236EC63B}"
EndProject
Project("{8BC9CEB8-8B4A-11D0-8D11-00A0C91BC942}") = "Pract01.07", "Practices\Pract01\Pract01.07\Pract01.07.vcxproj", "{AF6E8A24-EC58-41DD-8F54-69F8E8849475}"
EndProject
Project("{8BC9CEB8-8B4A-11D0-8D11-00A0C91BC942}") = "Pract01.08", "Practices\Pract01\Pract01.08\Pract01.08.vcxproj", "{57FA4489-3065-486F-ABC8-0B496E85255B}"
EndProject
Project("{8BC9CEB8-8B4A-11D0-8D11-00A0C91BC942}") = "Pract01.09", "Practices\Pract01\Pract01.09\Pract01.09.vcxproj", "{96C11C24-33E7-4E8B-81C1-3CF9482AF0C0}"
EndProject
Project("{8BC9CEB8-8B4A-11D0-8D11-00A0C91BC942}") = "Pract01.10", "Practices\Pract01\Pract01.10\Pract01.10.vcxproj", "{5F4C6EDB-C1FA-4554-830F-5DBB2BF6F5C8}"
EndProject
Project("{8BC9CEB8-8B4A-11D0-8D11-00A0C91BC942}") = "Pract01.11", "Practices\Pract01\Pract01.11\Pract01.11.vcxproj", "{2E72990F-BFD0-4C8C-9EFC-E29C7BBAF988}"
EndProject
Project("{8BC9CEB8-8B4A-11D0-8D11-00A0C91BC942}") = "Pract01.12", "Practices\Pract01\Pract01.12\Pract01.12.vcxproj", "{B3C33F74-553B-4735-B2F5-51E6A4BE5E37}"
EndProject
Global
	GlobalSection(SolutionConfigurationPlatforms) = preSolution
		Debug|x64 = Debug|x64
		Debug|x86 = Debug|x86
		Release|x64 = Release|x64
		Release|x86 = Release|x86
	EndGlobalSection
	GlobalSection(ProjectConfigurationPlatforms) = postSolution
		{4F2C462C-EE29-4E0C-8CF1-01876B77CCA6}.Debug|x64.ActiveCfg = Debug|x64
		{4F2C462C-EE29-4E0C-8CF1-01876B77CCA6}.Debug|x64.Build.0 = Debug|x64
		{4F2C462C-EE29-4E0C-8CF1-01876B77CCA6}.Debug|x86.ActiveCfg = Debug|Win32
		{4F2C462C-EE29-4E0C-8CF1-01876B77CCA6}.Debug|x86.Build.0 = Debug|Win32
		{4F2C462C-EE29-4E0C-8CF1-01876B77CCA6}.Release|x64.ActiveCfg = Release|x64
		{4F2C462C-EE29-4E0C-8CF1-01876B77CCA6}.Release|x64.Build.0 = Release|x64
		{4F2C462C-EE29-4E0C-8CF1-01876B77CCA6}.Release|x86.ActiveCfg = Release|Win32
		{4F2C462C-EE29-4E0C-8CF1-01876B77CCA6}.Release|x86.Build.0 = Release|Win32
		{9ACB3068-AF7B-4C12-B8EE-B24083028081}.Debug|x64.ActiveCfg = Debug|x64
		{9ACB3068-AF7B-4C12-B8EE-B24083028081}.Debug|x64.Build.0 = Debug|x64
		{9ACB3068-AF7B-4C12-B8EE-B24083028081}.Debug|x86.ActiveCfg = Debug|Win32
		{9ACB3068-AF7B-4C12-B8EE-B24083028081}.Debug|x86.Build.0 = Debug|Win32
		{9ACB3068-AF7B-4C12-B8EE-B24083028081}.Release|x64.ActiveCfg = Release|x64
		{9ACB3068-AF7B-4C12-B8EE-B24083028081}.Release|x64.Build.0 = Release|x64
		{9ACB3068-AF7B-4C12-B8EE-B24083028081}.Release|x86.ActiveCfg = Release|Win32
		{9ACB3068-AF7B-4C12-B8EE-B24083028081}.Release|x86.Build.0 = Release|Win32
		{54A412C2-BCE0-4D25-ADED-1FBFF2818FFA}.Debug|x64.ActiveCfg = Debug|x64
		{54A412C2-BCE0-4D25-ADED-1FBFF2818FFA}.Debug|x64.Build.0 = Debug|x64
		{54A412C2-BCE0-4D25-ADED-1FBFF2818FFA}.Debug|x86.ActiveCfg = Debug|Win32
		{54A412C2-BCE0-4D25-ADED-1FBFF2818FFA}.Debug|x86.Build.0 = Debug|Win32
		{54A412C2-BCE0-4D25-ADED-1FBFF2818FFA}.Release|x64.ActiveCfg = Release|x64
		{54A412C2-BCE0-4D25-ADED-1FBFF2818FFA}.Release|x64.Build.0 = Release|x64
		{54A412C2-BCE0-4D25-ADED-1FBFF2818FFA}.Release|x86.ActiveCfg = Release|Win32
		{54A412C2-BCE0-4D25-ADED-1FBFF2818FFA}.Release|x86.Build.0 = Release|Win32
		{0D8D6552-9516-495C-B830-AA77BBDFBE1F}.Debug|x64.ActiveCfg = Debug|x64
		{0D8D6552-9516-495C-B830-AA77BBDFBE1F}.Debug|x64.Build.0 = Debug|x64
		{0D8D6552-9516-495C-B830-AA77BBDFBE1F}.Debug|x86.ActiveCfg = Debug|Win32
		{0D8D6552-9516-495C-B830-AA77BBDFBE1F}.Debug|x86.Build.0 = Debug|Win32
		{0D8D6552-9516-495C-B830-AA77BBDFBE1F}.Release|x64.ActiveCfg = Release|x64
		{0D8D6552-9516-495C-B830-AA77BBDFBE1F}.Release|x64.Build.0 = Release|x64
		{0D8D6552-9516-495C-B830-AA77BBDFBE1F}.Release|x86.ActiveCfg = Release|Win32
		{0D8D6552-9516-495C-B830-AA77BBDFBE1F}.Release|x86.Build.0 = Release|Win32
		{89563127-7D76-4F1D-AA49-71AE4F7DF25D}.Debug|x64.ActiveCfg = Debug|x64
		{89563127-7D76-4F1D-AA49-71AE4F7DF25D}.Debug|x64.Build.0 = Debug|x64
		{89563127-7D76-4F1D-AA49-71AE4F7DF25D}.Debug|x86.ActiveCfg = Debug|Win32
		{89563127-7D76-4F1D-AA49-71AE4F7DF25D}.Debug|x86.Build.0 = Debug|Win32
		{89563127-7D76-4F1D-AA49-71AE4F7DF25D}.Release|x64.ActiveCfg = Release|x64
		{89563127-7D76-4F1D-AA49-71AE4F7DF25D}.Release|x64.Build.0 = Release|x64
		{89563127-7D76-4F1D-AA49-71AE4F7DF25D}.Release|x86.ActiveCfg = Release|Win32
		{89563127-7D76-4F1D-AA49-71AE4F7DF25D}.Release|x86.Build.0 = Release|Win32
		{35AB7EC2-E1FA-4FF3-8ECD-46F7D3336E29}.Debug|x64.ActiveCfg = Debug|x64
		{35AB7EC2-E1FA-4FF3-8ECD-46F7D3336E29}.Debug|x64.Build.0 = Debug|x64
		{35AB7EC2-E1FA-4FF3-8ECD-46F7D3336E29}.Debug|x86.ActiveCfg = Debug|Win32
		{35AB7EC2-E1FA-4FF3-8ECD-46F7D3336E29}.Debug|x86.Build.0 = Debug|Win32
		{35AB7EC2-E1FA-4FF3-8ECD-46F7D3336E29}.Release|x64.ActiveCfg = Release|x64
		{35AB7EC2-E1FA-4FF3-8ECD-46F7D3336E29}.Release|x64.Build.0 = Release|x64
		{35AB7EC2-E1FA-4FF3-8ECD-46F7D3336E29}.Release|x86.ActiveCfg = Release|Win32
		{35AB7EC2-E1FA-4FF3-8ECD-46F7D3336E29}.Release|x86.Build.0 = Release|Win32
		{FF203E8D-1F15-4AF6-95E1-2EF86E1EDC1F}.Debug|x64.ActiveCfg = Debug|x64
		{FF203E8D-1F15-4AF6-95E1-2EF86E1EDC1F}.Debug|x64.Build.0 = Debug|x64
		{FF203E8D-1F15-4AF6-95E1-2EF86E1EDC1F}.Debug|x86.ActiveCfg = Debug|Win32
		{FF203E8D-1F15-4AF6-95E1-2EF86E1EDC1F}.Debug|x86.Build.0 = Debug|Win32
		{FF203E8D-1F15-4AF6-95E1-2EF86E1EDC1F}.Release|x64.ActiveCfg = Release|x64
		{FF203E8D-1F15-4AF6-95E1-2EF86E1EDC1F}.Release|x64.Build.0 = Release|x64
		{FF203E8D-1F15-4AF6-95E1-2EF86E1EDC1F}.Release|x86.ActiveCfg = Release|Win32
		{FF203E8D-1F15-4AF6-95E1-2EF86E1EDC1F}.Release|x86.Build.0 = Release|Win32
		{08131D57-E9A4-42A7-8E15-F7218D682154}.Debug|x64.ActiveCfg = Debug|x64
		{08131D57-E9A4-42A7-8E15-F7218D682154}.Debug|x64.Build.0 = Debug|x64
		{08131D57-E9A4-42A7-8E15-F7218D682154}.Debug|x86.ActiveCfg = Debug|Win32
		{08131D57-E9A4-42A7-8E15-F7218D682154}.Debug|x86.Build.0 = Debug|Win32
		{08131D57-E9A4-42A7-8E15-F7218D682154}.Release|x64.ActiveCfg = Release|x64
		{08131D57-E9A4-42A7-8E15-F7218D682154}.Release|x64.Build.0 = Release|x64
		{08131D57-E9A4-42A7-8E15-F7218D682154}.Release|x86.ActiveCfg = Release|Win32
		{08131D57-E9A4-42A7-8E15-F7218D682154}.Release|x86.Build.0 = Release|Win32
		{5329A6BB-9B1B-40EC-A13C-B20137EB3D4B}.Debug|x64.ActiveCfg = Debug|x64
		{5329A6BB-9B1B-40EC-A13C-B20137EB3D4B}.Debug|x64.Build.0 = Debug|x64
		{5329A6BB-9B1B-40EC-A13C-B20137EB3D4B}.Debug|x86.ActiveCfg = Debug|Win32
		{5329A6BB-9B1B-40EC-A13C-B20137EB3D4B}.Debug|x86.Build.0 = Debug|Win32
		{5329A6BB-9B1B-40EC-A13C-B20137EB3D4B}.Release|x64.ActiveCfg = Release|x64
		{5329A6BB-9B1B-40EC-A13C-B20137EB3D4B}.Release|x64.Build.0 = Release|x64
		{5329A6BB-9B1B-40EC-A13C-B20137EB3D4B}.Release|x86.ActiveCfg = Release|Win32
		{5329A6BB-9B1B-40EC-A13C-B20137EB3D4B}.Release|x86.Build.0 = Release|Win32
		{BD3B0A75-8B79-4DC9-83CC-20E9E2E78109}.Debug|x64.ActiveCfg = Debug|x64
		{BD3B0A75-8B79-4DC9-83CC-20E9E2E78109}.Debug|x64.Build.0 = Debug|x64
		{BD3B0A75-8B79-4DC9-83CC-20E9E2E78109}.Debug|x86.ActiveCfg = Debug|Win32
		{BD3B0A75-8B79-4DC9-83CC-20E9E2E78109}.Debug|x86.Build.0 = Debug|Win32
		{BD3B0A75-8B79-4DC9-83CC-20E9E2E78109}.Release|x64.ActiveCfg = Release|x64
		{BD3B0A75-8B79-4DC9-83CC-20E9E2E78109}.Release|x64.Build.0 = Release|x64
		{BD3B0A75-8B79-4DC9-83CC-20E9E2E78109}.Release|x86.ActiveCfg = Release|Win32
		{BD3B0A75-8B79-4DC9-83CC-20E9E2E78109}.Release|x86.Build.0 = Release|Win32
		{612D1571-F9F5-4876-A490-84B205E675FC}.Debug|x64.ActiveCfg = Debug|x64
		{612D1571-F9F5-4876-A490-84B205E675FC}.Debug|x64.Build.0 = Debug|x64
		{612D1571-F9F5-4876-A490-84B205E675FC}.Debug|x86.ActiveCfg = Debug|Win32
		{612D1571-F9F5-4876-A490-84B205E675FC}.Debug|x86.Build.0 = Debug|Win32
		{612D1571-F9F5-4876-A490-84B205E675FC}.Release|x64.ActiveCfg = Release|x64
		{612D1571-F9F5-4876-A490-84B205E675FC}.Release|x64.Build.0 = Release|x64
		{612D1571-F9F5-4876-A490-84B205E675FC}.Release|x86.ActiveCfg = Release|Win32
		{612D1571-F9F5-4876-A490-84B205E675FC}.Release|x86.Build.0 = Release|Win32
		{19BD659F-D474-466F-9CFF-9BA99A27FBC4}.Debug|x64.ActiveCfg = Debug|x64
		{19BD659F-D474-466F-9CFF-9BA99A27FBC4}.Debug|x64.Build.0 = Debug|x64
		{19BD659F-D474-466F-9CFF-9BA99A27FBC4}.Debug|x86.ActiveCfg = Debug|Win32
		{19BD659F-D474-466F-9CFF-9BA99A27FBC4}.Debug|x86.Build.0 = Debug|Win32
		{19BD659F-D474-466F-9CFF-9BA99A27FBC4}.Release|x64.ActiveCfg = Release|x64
		{19BD659F-D474-466F-9CFF-9BA99A27FBC4}.Release|x64.Build.0 = Release|x64
		{19BD659F-D474-466F-9CFF-9BA99A27FBC4}.Release|x86.ActiveCfg = Release|Win32
		{19BD659F-D474-466F-9CFF-9BA99A27FBC4}.Release|x86.Build.0 = Release|Win32
		{D09CBED5-85FD-407B-8C27-087D974175AD}.Debug|x64.ActiveCfg = Debug|x64
		{D09CBED5-85FD-407B-8C27-087D974175AD}.Debug|x64.Build.0 = Debug|x64
		{D09CBED5-85FD-407B-8C27-087D974175AD}.Debug|x86.ActiveCfg = Debug|Win32
		{D09CBED5-85FD-407B-8C27-087D974175AD}.Debug|x86.Build.0 = Debug|Win32
		{D09CBED5-85FD-407B-8C27-087D974175AD}.Release|x64.ActiveCfg = Release|x64
		{D09CBED5-85FD-407B-8C27-087D974175AD}.Release|x64.Build.0 = Release|x64
		{D09CBED5-85FD-407B-8C27-087D974175AD}.Release|x86.ActiveCfg = Release|Win32
		{D09CBED5-85FD-407B-8C27-087D974175AD}.Release|x86.Build.0 = Release|Win32
		{472E1209-19AB-475C-A7E6-6766878B714E}.Debug|x64.ActiveCfg = Debug|x64
		{472E1209-19AB-475C-A7E6-6766878B714E}.Debug|x64.Build.0 = Debug|x64
		{472E1209-19AB-475C-A7E6-6766878B714E}.Debug|x86.ActiveCfg = Debug|Win32
		{472E1209-19AB-475C-A7E6-6766878B714E}.Debug|x86.Build.0 = Debug|Win32
		{472E1209-19AB-475C-A7E6-6766878B714E}.Release|x64.ActiveCfg = Release|x64
		{472E1209-19AB-475C-A7E6-6766878B714E}.Release|x64.Build.0 = Release|x64
		{472E1209-19AB-475C-A7E6-6766878B714E}.Release|x86.ActiveCfg = Release|Win32
		{472E1209-19AB-475C-A7E6-6766878B714E}.Release|x86.Build.0 = Release|Win32
		{28306865-BA10-4E7C-B368-4767236EC63B}.Debug|x64.ActiveCfg = Debug|x64
		{28306865-BA10-4E7C-B368-4767236EC63B}.Debug|x64.Build.0 = Debug|x64
		{28306865-BA10-4E7C-B368-4767236EC63B}.Debug|x86.ActiveCfg = Debug|Win32
		{28306865-BA10-4E7C-B368-4767236EC63B}.Debug|x86.Build.0 = Debug|Win32
		{28306865-BA10-4E7C-B368-4767236EC63B}.Release|x64.ActiveCfg = Release|x64
		{28306865-BA10-4E7C-B368-4767236EC63B}.Release|x64.Build.0 = Release|x64
		{28306865-BA10-4E7C-B368-4767236EC63B}.Release|x86.ActiveCfg = Release|Win32
		{28306865-BA10-4E7C-B368-4767236EC63B}.Release|x86.Build.0 = Release|Win32
		{AF6E8A24-EC58-41DD-8F54-69F8E8849475}.Debug|x64.ActiveCfg = Debug|x64
		{AF6E8A24-EC58-41DD-8F54-69F8E8849475}.Debug|x64.Build.0 = Debug|x64
		{AF6E8A24-EC58-41DD-8F54-69F8E8849475}.Debug|x86.ActiveCfg = Debug|Win32
		{AF6E8A24-EC58-41DD-8F54-69F8E8849475}.Debug|x86.Build.0 = Debug|Win32
		{AF6E8A24-EC58-41DD-8F54-69F8E8849475}.Release|x64.ActiveCfg = Release|x64
		{AF6E8A24-EC58-41DD-8F54-69F8E8849475}.Release|x64.Build.0 = Release|x64
		{AF6E8A24-EC58-41DD-8F54-69F8E8849475}.Release|x86.ActiveCfg = Release|Win32
		{AF6E8A24-EC58-41DD-8F54-69F8E8849475}.Release|x86.Build.0 = Release|Win32
		{57FA4489-3065-486F-ABC8-0B496E85255B}.Debug|x64.ActiveCfg = Debug|x64
		{57FA4489-3065-486F-ABC8-0B496E85255B}.Debug|x64.Build.0 = Debug|x64
		{57FA4489-3065-486F-ABC8-0B496E85255B}.Debug|x86.ActiveCfg = Debug|Win32
		{57FA4489-3065-486F-ABC8-0B496E85255B}.Debug|x86.Build.0 = Debug|Win32
		{57FA4489-3065-486F-ABC8-0B496E85255B}.Release|x64.ActiveCfg = Release|x64
		{57FA4489-3065-486F-ABC8-0B496E85255B}.Release|x64.Build.0 = Release|x64
		{57FA4489-3065-486F-ABC8-0B496E85255B}.Release|x86.ActiveCfg = Release|Win32
		{57FA4489-3065-486F-ABC8-0B496E85255B}.Release|x86.Build.0 = Release|Win32
		{96C11C24-33E7-4E8B-81C1-3CF9482AF0C0}.Debug|x64.ActiveCfg = Debug|x64
		{96C11C24-33E7-4E8B-81C1-3CF9482AF0C0}.Debug|x64.Build.0 = Debug|x64
		{96C11C24-33E7-4E8B-81C1-3CF9482AF0C0}.Debug|x86.ActiveCfg = Debug|Win32
		{96C11C24-33E7-4E8B-81C1-3CF9482AF0C0}.Debug|x86.Build.0 = Debug|Win32
		{96C11C24-33E7-4E8B-81C1-3CF9482AF0C0}.Release|x64.ActiveCfg = Release|x64
		{96C11C24-33E7-4E8B-81C1-3CF9482AF0C0}.Release|x64.Build.0 = Release|x64
		{96C11C24-33E7-4E8B-81C1-3CF9482AF0C0}.Release|x86.ActiveCfg = Release|Win32
		{96C11C24-33E7-4E8B-81C1-3CF9482AF0C0}.Release|x86.Build.0 = Release|Win32
		{5F4C6EDB-C1FA-4554-830F-5DBB2BF6F5C8}.Debug|x64.ActiveCfg = Debug|x64
		{5F4C6EDB-C1FA-4554-830F-5DBB2BF6F5C8}.Debug|x64.Build.0 = Debug|x64
		{5F4C6EDB-C1FA-4554-830F-5DBB2BF6F5C8}.Debug|x86.ActiveCfg = Debug|Win32
		{5F4C6EDB-C1FA-4554-830F-5DBB2BF6F5C8}.Debug|x86.Build.0 = Debug|Win32
		{5F4C6EDB-C1FA-4554-830F-5DBB2BF6F5C8}.Release|x64.ActiveCfg = Release|x64
		{5F4C6EDB-C1FA-4554-830F-5DBB2BF6F5C8}.Release|x64.Build.0 = Release|x64
		{5F4C6EDB-C1FA-4554-830F-5DBB2BF6F5C8}.Release|x86.ActiveCfg = Release|Win32
		{5F4C6EDB-C1FA-4554-830F-5DBB2BF6F5C8}.Release|x86.Build.0 = Release|Win32
		{2E72990F-BFD0-4C8C-9EFC-E29C7BBAF988}.Debug|x64.ActiveCfg = Debug|x64
		{2E72990F-BFD0-4C8C-9EFC-E29C7BBAF988}.Debug|x64.Build.0 = Debug|x64
		{2E72990F-BFD0-4C8C-9EFC-E29C7BBAF988}.Debug|x86.ActiveCfg = Debug|Win32
		{2E72990F-BFD0-4C8C-9EFC-E29C7BBAF988}.Debug|x86.Build.0 = Debug|Win32
		{2E72990F-BFD0-4C8C-9EFC-E29C7BBAF988}.Release|x64.ActiveCfg = Release|x64
		{2E72990F-BFD0-4C8C-9EFC-E29C7BBAF988}.Release|x64.Build.0 = Release|x64
		{2E72990F-BFD0-4C8C-9EFC-E29C7BBAF988}.Release|x86.ActiveCfg = Release|Win32
		{2E72990F-BFD0-4C8C-9EFC-E29C7BBAF988}.Release|x86.Build.0 = Release|Win32
		{B3C33F74-553B-4735-B2F5-51E6A4BE5E37}.Debug|x64.ActiveCfg = Debug|x64
		{B3C33F74-553B-4735-B2F5-51E6A4BE5E37}.Debug|x64.Build.0 = Debug|x64
		{B3C33F74-553B-4735-B2F5-51E6A4BE5E37}.Debug|x86.ActiveCfg = Debug|Win32
		{B3C33F74-553B-4735-B2F5-51E6A4BE5E37}.Debug|x86.Build.0 = Debug|Win32
		{B3C33F74-553B-4735-B2F5-51E6A4BE5E37}.Release|x64.ActiveCfg = Release|x64
		{B3C33F74-553B-4735-B2F5-51E6A4BE5E37}.Release|x64.Build.0 = Release|x64
		{B3C33F74-553B-4735-B2F5-51E6A4BE5E37}.Release|x86.ActiveCfg = Release|Win32
		{B3C33F74-553B-4735-B2F5-51E6A4BE5E37}.Release|x86.Build.0 = Release|Win32
	EndGlobalSection
	GlobalSection(SolutionProperties) = preSolution
		HideSolutionNode = FALSE
	EndGlobalSection
	GlobalSection(NestedProjects) = preSolution
		{750098B4-5CBC-4F08-A4F4-7C6615E763A7} = {B0BAA5B6-0FF7-430A-BF1F-A4478E22243F}
		{4F2C462C-EE29-4E0C-8CF1-01876B77CCA6} = {750098B4-5CBC-4F08-A4F4-7C6615E763A7}
		{9ACB3068-AF7B-4C12-B8EE-B24083028081} = {750098B4-5CBC-4F08-A4F4-7C6615E763A7}
		{54A412C2-BCE0-4D25-ADED-1FBFF2818FFA} = {750098B4-5CBC-4F08-A4F4-7C6615E763A7}
		{0D8D6552-9516-495C-B830-AA77BBDFBE1F} = {750098B4-5CBC-4F08-A4F4-7C6615E763A7}
		{89563127-7D76-4F1D-AA49-71AE4F7DF25D} = {750098B4-5CBC-4F08-A4F4-7C6615E763A7}
		{35AB7EC2-E1FA-4FF3-8ECD-46F7D3336E29} = {750098B4-5CBC-4F08-A4F4-7C6615E763A7}
		{FF203E8D-1F15-4AF6-95E1-2EF86E1EDC1F} = {750098B4-5CBC-4F08-A4F4-7C6615E763A7}
		{08131D57-E9A4-42A7-8E15-F7218D682154} = {750098B4-5CBC-4F08-A4F4-7C6615E763A7}
		{5329A6BB-9B1B-40EC-A13C-B20137EB3D4B} = {750098B4-5CBC-4F08-A4F4-7C6615E763A7}
		{D7760B47-1B88-4988-B53F-76755465C498} = {A91C7588-BC04-41EC-A134-582277AAFD8B}
		{BD3B0A75-8B79-4DC9-83CC-20E9E2E78109} = {D7760B47-1B88-4988-B53F-76755465C498}
		{612D1571-F9F5-4876-A490-84B205E675FC} = {D7760B47-1B88-4988-B53F-76755465C498}
		{19BD659F-D474-466F-9CFF-9BA99A27FBC4} = {D7760B47-1B88-4988-B53F-76755465C498}
		{D09CBED5-85FD-407B-8C27-087D974175AD} = {D7760B47-1B88-4988-B53F-76755465C498}
		{472E1209-19AB-475C-A7E6-6766878B714E} = {D7760B47-1B88-4988-B53F-76755465C498}
		{28306865-BA10-4E7C-B368-4767236EC63B} = {D7760B47-1B88-4988-B53F-76755465C498}
		{AF6E8A24-EC58-41DD-8F54-69F8E8849475} = {D7760B47-1B88-4988-B53F-76755465C498}
		{57FA4489-3065-486F-ABC8-0B496E85255B} = {D7760B47-1B88-4988-B53F-76755465C498}
		{96C11C24-33E7-4E8B-81C1-3CF9482AF0C0} = {D7760B47-1B88-4988-B53F-76755465C498}
		{5F4C6EDB-C1FA-4554-830F-5DBB2BF6F5C8} = {D7760B47-1B88-4988-B53F-76755465C498}
		{2E72990F-BFD0-4C8C-9EFC-E29C7BBAF988} = {D7760B47-1B88-4988-B53F-76755465C498}
		{B3C33F74-553B-4735-B2F5-51E6A4BE5E37} = {D7760B47-1B88-4988-B53F-76755465C498}
	EndGlobalSection
	GlobalSection(ExtensibilityGlobals) = postSolution
		SolutionGuid = {B425C202-3CF8-4A35-82D4-FC8708A4A414}
	EndGlobalSection
EndGlobal
