
Microsoft Visual Studio Solution File, Format Version 12.00
# Visual Studio Version 17
VisualStudioVersion = 17.9.34728.123
MinimumVisualStudioVersion = 10.0.40219.1
Project("{2150E333-8FDC-42A3-9474-1A3956D46DE8}") = "Sem. 01", "Sem. 01", "{750098B4-5CBC-4F08-A4F4-7C6615E763A7}"
EndProject
Project("{8BC9CEB8-8B4A-11D0-8D11-00A0C91BC942}") = "Sem01.01", "Sem01.01\Sem01.01.vcxproj", "{4F2C462C-EE29-4E0C-8CF1-01876B77CCA6}"
EndProject
Project("{8BC9CEB8-8B4A-11D0-8D11-00A0C91BC942}") = "Sem01.02", "Sem01.02\Sem01.02.vcxproj", "{9ACB3068-AF7B-4C12-B8EE-B24083028081}"
EndProject
Project("{8BC9CEB8-8B4A-11D0-8D11-00A0C91BC942}") = "Sem01.03", "Sem01.03\Sem01.03.vcxproj", "{54A412C2-BCE0-4D25-ADED-1FBFF2818FFA}"
EndProject
Project("{8BC9CEB8-8B4A-11D0-8D11-00A0C91BC942}") = "Sem01.04", "Sem01.04\Sem01.04.vcxproj", "{0D8D6552-9516-495C-B830-AA77BBDFBE1F}"
EndProject
Project("{8BC9CEB8-8B4A-11D0-8D11-00A0C91BC942}") = "Sem01.05", "Sem01.05\Sem01.05.vcxproj", "{89563127-7D76-4F1D-AA49-71AE4F7DF25D}"
EndProject
Project("{8BC9CEB8-8B4A-11D0-8D11-00A0C91BC942}") = "Sem01.06", "Sem01.06\Sem01.06.vcxproj", "{35AB7EC2-E1FA-4FF3-8ECD-46F7D3336E29}"
EndProject
Project("{2150E333-8FDC-42A3-9474-1A3956D46DE8}") = "Seminars", "Seminars", "{B0BAA5B6-0FF7-430A-BF1F-A4478E22243F}"
EndProject
Project("{2150E333-8FDC-42A3-9474-1A3956D46DE8}") = "Practices", "Practices", "{A91C7588-BC04-41EC-A134-582277AAFD8B}"
EndProject
Project("{8BC9CEB8-8B4A-11D0-8D11-00A0C91BC942}") = "Sem01.07", "Sem01.07\Sem01.07.vcxproj", "{FF203E8D-1F15-4AF6-95E1-2EF86E1EDC1F}"
EndProject
Project("{8BC9CEB8-8B4A-11D0-8D11-00A0C91BC942}") = "Sem01.08", "Sem01.08\Sem01.08.vcxproj", "{08131D57-E9A4-42A7-8E15-F7218D682154}"
EndProject
Project("{8BC9CEB8-8B4A-11D0-8D11-00A0C91BC942}") = "Sem01.09", "Sem01.09\Sem01.09.vcxproj", "{5329A6BB-9B1B-40EC-A13C-B20137EB3D4B}"
EndProject
Project("{8BC9CEB8-8B4A-11D0-8D11-00A0C91BC942}") = "Pract01.01", "Pract01.01\Pract01.01.vcxproj", "{BD3B0A75-8B79-4DC9-83CC-20E9E2E78109}"
EndProject
Project("{8BC9CEB8-8B4A-11D0-8D11-00A0C91BC942}") = "Pract01.02", "Pract01.02\Pract01.02.vcxproj", "{612D1571-F9F5-4876-A490-84B205E675FC}"
EndProject
Project("{8BC9CEB8-8B4A-11D0-8D11-00A0C91BC942}") = "Pract01.03", "Pract01.03\Pract01.03.vcxproj", "{19BD659F-D474-466F-9CFF-9BA99A27FBC4}"
EndProject
Global
	GlobalSection(SolutionConfigurationPlatforms) = preSolution
		Debug|x64 = Debug|x64
		Debug|x86 = Debug|x86
		Release|x64 = Release|x64
		Release|x86 = Release|x86
	EndGlobalSection
	GlobalSection(ProjectConfigurationPlatforms) = postSolution
		{4F2C462C-EE29-4E0C-8CF1-01876B77CCA6}.Debug|x64.ActiveCfg = Debug|x64
		{4F2C462C-EE29-4E0C-8CF1-01876B77CCA6}.Debug|x64.Build.0 = Debug|x64
		{4F2C462C-EE29-4E0C-8CF1-01876B77CCA6}.Debug|x86.ActiveCfg = Debug|Win32
		{4F2C462C-EE29-4E0C-8CF1-01876B77CCA6}.Debug|x86.Build.0 = Debug|Win32
		{4F2C462C-EE29-4E0C-8CF1-01876B77CCA6}.Release|x64.ActiveCfg = Release|x64
		{4F2C462C-EE29-4E0C-8CF1-01876B77CCA6}.Release|x64.Build.0 = Release|x64
		{4F2C462C-EE29-4E0C-8CF1-01876B77CCA6}.Release|x86.ActiveCfg = Release|Win32
		{4F2C462C-EE29-4E0C-8CF1-01876B77CCA6}.Release|x86.Build.0 = Release|Win32
		{9ACB3068-AF7B-4C12-B8EE-B24083028081}.Debug|x64.ActiveCfg = Debug|x64
		{9ACB3068-AF7B-4C12-B8EE-B24083028081}.Debug|x64.Build.0 = Debug|x64
		{9ACB3068-AF7B-4C12-B8EE-B24083028081}.Debug|x86.ActiveCfg = Debug|Win32
		{9ACB3068-AF7B-4C12-B8EE-B24083028081}.Debug|x86.Build.0 = Debug|Win32
		{9ACB3068-AF7B-4C12-B8EE-B24083028081}.Release|x64.ActiveCfg = Release|x64
		{9ACB3068-AF7B-4C12-B8EE-B24083028081}.Release|x64.Build.0 = Release|x64
		{9ACB3068-AF7B-4C12-B8EE-B24083028081}.Release|x86.ActiveCfg = Release|Win32
		{9ACB3068-AF7B-4C12-B8EE-B24083028081}.Release|x86.Build.0 = Release|Win32
		{54A412C2-BCE0-4D25-ADED-1FBFF2818FFA}.Debug|x64.ActiveCfg = Debug|x64
		{54A412C2-BCE0-4D25-ADED-1FBFF2818FFA}.Debug|x64.Build.0 = Debug|x64
		{54A412C2-BCE0-4D25-ADED-1FBFF2818FFA}.Debug|x86.ActiveCfg = Debug|Win32
		{54A412C2-BCE0-4D25-ADED-1FBFF2818FFA}.Debug|x86.Build.0 = Debug|Win32
		{54A412C2-BCE0-4D25-ADED-1FBFF2818FFA}.Release|x64.ActiveCfg = Release|x64
		{54A412C2-BCE0-4D25-ADED-1FBFF2818FFA}.Release|x64.Build.0 = Release|x64
		{54A412C2-BCE0-4D25-ADED-1FBFF2818FFA}.Release|x86.ActiveCfg = Release|Win32
		{54A412C2-BCE0-4D25-ADED-1FBFF2818FFA}.Release|x86.Build.0 = Release|Win32
		{0D8D6552-9516-495C-B830-AA77BBDFBE1F}.Debug|x64.ActiveCfg = Debug|x64
		{0D8D6552-9516-495C-B830-AA77BBDFBE1F}.Debug|x64.Build.0 = Debug|x64
		{0D8D6552-9516-495C-B830-AA77BBDFBE1F}.Debug|x86.ActiveCfg = Debug|Win32
		{0D8D6552-9516-495C-B830-AA77BBDFBE1F}.Debug|x86.Build.0 = Debug|Win32
		{0D8D6552-9516-495C-B830-AA77BBDFBE1F}.Release|x64.ActiveCfg = Release|x64
		{0D8D6552-9516-495C-B830-AA77BBDFBE1F}.Release|x64.Build.0 = Release|x64
		{0D8D6552-9516-495C-B830-AA77BBDFBE1F}.Release|x86.ActiveCfg = Release|Win32
		{0D8D6552-9516-495C-B830-AA77BBDFBE1F}.Release|x86.Build.0 = Release|Win32
		{89563127-7D76-4F1D-AA49-71AE4F7DF25D}.Debug|x64.ActiveCfg = Debug|x64
		{89563127-7D76-4F1D-AA49-71AE4F7DF25D}.Debug|x64.Build.0 = Debug|x64
		{89563127-7D76-4F1D-AA49-71AE4F7DF25D}.Debug|x86.ActiveCfg = Debug|Win32
		{89563127-7D76-4F1D-AA49-71AE4F7DF25D}.Debug|x86.Build.0 = Debug|Win32
		{89563127-7D76-4F1D-AA49-71AE4F7DF25D}.Release|x64.ActiveCfg = Release|x64
		{89563127-7D76-4F1D-AA49-71AE4F7DF25D}.Release|x64.Build.0 = Release|x64
		{89563127-7D76-4F1D-AA49-71AE4F7DF25D}.Release|x86.ActiveCfg = Release|Win32
		{89563127-7D76-4F1D-AA49-71AE4F7DF25D}.Release|x86.Build.0 = Release|Win32
		{35AB7EC2-E1FA-4FF3-8ECD-46F7D3336E29}.Debug|x64.ActiveCfg = Debug|x64
		{35AB7EC2-E1FA-4FF3-8ECD-46F7D3336E29}.Debug|x64.Build.0 = Debug|x64
		{35AB7EC2-E1FA-4FF3-8ECD-46F7D3336E29}.Debug|x86.ActiveCfg = Debug|Win32
		{35AB7EC2-E1FA-4FF3-8ECD-46F7D3336E29}.Debug|x86.Build.0 = Debug|Win32
		{35AB7EC2-E1FA-4FF3-8ECD-46F7D3336E29}.Release|x64.ActiveCfg = Release|x64
		{35AB7EC2-E1FA-4FF3-8ECD-46F7D3336E29}.Release|x64.Build.0 = Release|x64
		{35AB7EC2-E1FA-4FF3-8ECD-46F7D3336E29}.Release|x86.ActiveCfg = Release|Win32
		{35AB7EC2-E1FA-4FF3-8ECD-46F7D3336E29}.Release|x86.Build.0 = Release|Win32
		{FF203E8D-1F15-4AF6-95E1-2EF86E1EDC1F}.Debug|x64.ActiveCfg = Debug|x64
		{FF203E8D-1F15-4AF6-95E1-2EF86E1EDC1F}.Debug|x64.Build.0 = Debug|x64
		{FF203E8D-1F15-4AF6-95E1-2EF86E1EDC1F}.Debug|x86.ActiveCfg = Debug|Win32
		{FF203E8D-1F15-4AF6-95E1-2EF86E1EDC1F}.Debug|x86.Build.0 = Debug|Win32
		{FF203E8D-1F15-4AF6-95E1-2EF86E1EDC1F}.Release|x64.ActiveCfg = Release|x64
		{FF203E8D-1F15-4AF6-95E1-2EF86E1EDC1F}.Release|x64.Build.0 = Release|x64
		{FF203E8D-1F15-4AF6-95E1-2EF86E1EDC1F}.Release|x86.ActiveCfg = Release|Win32
		{FF203E8D-1F15-4AF6-95E1-2EF86E1EDC1F}.Release|x86.Build.0 = Release|Win32
		{08131D57-E9A4-42A7-8E15-F7218D682154}.Debug|x64.ActiveCfg = Debug|x64
		{08131D57-E9A4-42A7-8E15-F7218D682154}.Debug|x64.Build.0 = Debug|x64
		{08131D57-E9A4-42A7-8E15-F7218D682154}.Debug|x86.ActiveCfg = Debug|Win32
		{08131D57-E9A4-42A7-8E15-F7218D682154}.Debug|x86.Build.0 = Debug|Win32
		{08131D57-E9A4-42A7-8E15-F7218D682154}.Release|x64.ActiveCfg = Release|x64
		{08131D57-E9A4-42A7-8E15-F7218D682154}.Release|x64.Build.0 = Release|x64
		{08131D57-E9A4-42A7-8E15-F7218D682154}.Release|x86.ActiveCfg = Release|Win32
		{08131D57-E9A4-42A7-8E15-F7218D682154}.Release|x86.Build.0 = Release|Win32
		{5329A6BB-9B1B-40EC-A13C-B20137EB3D4B}.Debug|x64.ActiveCfg = Debug|x64
		{5329A6BB-9B1B-40EC-A13C-B20137EB3D4B}.Debug|x64.Build.0 = Debug|x64
		{5329A6BB-9B1B-40EC-A13C-B20137EB3D4B}.Debug|x86.ActiveCfg = Debug|Win32
		{5329A6BB-9B1B-40EC-A13C-B20137EB3D4B}.Debug|x86.Build.0 = Debug|Win32
		{5329A6BB-9B1B-40EC-A13C-B20137EB3D4B}.Release|x64.ActiveCfg = Release|x64
		{5329A6BB-9B1B-40EC-A13C-B20137EB3D4B}.Release|x64.Build.0 = Release|x64
		{5329A6BB-9B1B-40EC-A13C-B20137EB3D4B}.Release|x86.ActiveCfg = Release|Win32
		{5329A6BB-9B1B-40EC-A13C-B20137EB3D4B}.Release|x86.Build.0 = Release|Win32
		{BD3B0A75-8B79-4DC9-83CC-20E9E2E78109}.Debug|x64.ActiveCfg = Debug|x64
		{BD3B0A75-8B79-4DC9-83CC-20E9E2E78109}.Debug|x64.Build.0 = Debug|x64
		{BD3B0A75-8B79-4DC9-83CC-20E9E2E78109}.Debug|x86.ActiveCfg = Debug|Win32
		{BD3B0A75-8B79-4DC9-83CC-20E9E2E78109}.Debug|x86.Build.0 = Debug|Win32
		{BD3B0A75-8B79-4DC9-83CC-20E9E2E78109}.Release|x64.ActiveCfg = Release|x64
		{BD3B0A75-8B79-4DC9-83CC-20E9E2E78109}.Release|x64.Build.0 = Release|x64
		{BD3B0A75-8B79-4DC9-83CC-20E9E2E78109}.Release|x86.ActiveCfg = Release|Win32
		{BD3B0A75-8B79-4DC9-83CC-20E9E2E78109}.Release|x86.Build.0 = Release|Win32
		{612D1571-F9F5-4876-A490-84B205E675FC}.Debug|x64.ActiveCfg = Debug|x64
		{612D1571-F9F5-4876-A490-84B205E675FC}.Debug|x64.Build.0 = Debug|x64
		{612D1571-F9F5-4876-A490-84B205E675FC}.Debug|x86.ActiveCfg = Debug|Win32
		{612D1571-F9F5-4876-A490-84B205E675FC}.Debug|x86.Build.0 = Debug|Win32
		{612D1571-F9F5-4876-A490-84B205E675FC}.Release|x64.ActiveCfg = Release|x64
		{612D1571-F9F5-4876-A490-84B205E675FC}.Release|x64.Build.0 = Release|x64
		{612D1571-F9F5-4876-A490-84B205E675FC}.Release|x86.ActiveCfg = Release|Win32
		{612D1571-F9F5-4876-A490-84B205E675FC}.Release|x86.Build.0 = Release|Win32
		{19BD659F-D474-466F-9CFF-9BA99A27FBC4}.Debug|x64.ActiveCfg = Debug|x64
		{19BD659F-D474-466F-9CFF-9BA99A27FBC4}.Debug|x64.Build.0 = Debug|x64
		{19BD659F-D474-466F-9CFF-9BA99A27FBC4}.Debug|x86.ActiveCfg = Debug|Win32
		{19BD659F-D474-466F-9CFF-9BA99A27FBC4}.Debug|x86.Build.0 = Debug|Win32
		{19BD659F-D474-466F-9CFF-9BA99A27FBC4}.Release|x64.ActiveCfg = Release|x64
		{19BD659F-D474-466F-9CFF-9BA99A27FBC4}.Release|x64.Build.0 = Release|x64
		{19BD659F-D474-466F-9CFF-9BA99A27FBC4}.Release|x86.ActiveCfg = Release|Win32
		{19BD659F-D474-466F-9CFF-9BA99A27FBC4}.Release|x86.Build.0 = Release|Win32
	EndGlobalSection
	GlobalSection(SolutionProperties) = preSolution
		HideSolutionNode = FALSE
	EndGlobalSection
	GlobalSection(NestedProjects) = preSolution
		{750098B4-5CBC-4F08-A4F4-7C6615E763A7} = {B0BAA5B6-0FF7-430A-BF1F-A4478E22243F}
		{4F2C462C-EE29-4E0C-8CF1-01876B77CCA6} = {750098B4-5CBC-4F08-A4F4-7C6615E763A7}
		{9ACB3068-AF7B-4C12-B8EE-B24083028081} = {750098B4-5CBC-4F08-A4F4-7C6615E763A7}
		{54A412C2-BCE0-4D25-ADED-1FBFF2818FFA} = {750098B4-5CBC-4F08-A4F4-7C6615E763A7}
		{0D8D6552-9516-495C-B830-AA77BBDFBE1F} = {750098B4-5CBC-4F08-A4F4-7C6615E763A7}
		{89563127-7D76-4F1D-AA49-71AE4F7DF25D} = {750098B4-5CBC-4F08-A4F4-7C6615E763A7}
		{35AB7EC2-E1FA-4FF3-8ECD-46F7D3336E29} = {750098B4-5CBC-4F08-A4F4-7C6615E763A7}
		{FF203E8D-1F15-4AF6-95E1-2EF86E1EDC1F} = {750098B4-5CBC-4F08-A4F4-7C6615E763A7}
		{08131D57-E9A4-42A7-8E15-F7218D682154} = {750098B4-5CBC-4F08-A4F4-7C6615E763A7}
		{5329A6BB-9B1B-40EC-A13C-B20137EB3D4B} = {750098B4-5CBC-4F08-A4F4-7C6615E763A7}
		{BD3B0A75-8B79-4DC9-83CC-20E9E2E78109} = {A91C7588-BC04-41EC-A134-582277AAFD8B}
		{612D1571-F9F5-4876-A490-84B205E675FC} = {A91C7588-BC04-41EC-A134-582277AAFD8B}
		{19BD659F-D474-466F-9CFF-9BA99A27FBC4} = {A91C7588-BC04-41EC-A134-582277AAFD8B}
	EndGlobalSection
	GlobalSection(ExtensibilityGlobals) = postSolution
		SolutionGuid = {B425C202-3CF8-4A35-82D4-FC8708A4A414}
	EndGlobalSection
EndGlobal
