
Microsoft Visual Studio Solution File, Format Version 12.00
# Visual Studio Version 17
VisualStudioVersion = 17.9.34728.123
MinimumVisualStudioVersion = 10.0.40219.1
Project("{2150E333-8FDC-42A3-9474-1A3956D46DE8}") = "Sem. 01", "Sem. 01", "{750098B4-5CBC-4F08-A4F4-7C6615E763A7}"
EndProject
Project("{2150E333-8FDC-42A3-9474-1A3956D46DE8}") = "Seminars", "Seminars", "{B0BAA5B6-0FF7-430A-BF1F-A4478E22243F}"
EndProject
Project("{2150E333-8FDC-42A3-9474-1A3956D46DE8}") = "Practices", "Practices", "{A91C7588-BC04-41EC-A134-582277AAFD8B}"
EndProject
Project("{8BC9CEB8-8B4A-11D0-8D11-00A0C91BC942}") = "Sem01.01", "Seminars\Sem01\Sem01.01\Sem01.01.vcxproj", "{4F2C462C-EE29-4E0C-8CF1-01876B77CCA6}"
EndProject
Project("{8BC9CEB8-8B4A-11D0-8D11-00A0C91BC942}") = "Sem01.02", "Seminars\Sem01\Sem01.02\Sem01.02.vcxproj", "{9ACB3068-AF7B-4C12-B8EE-B24083028081}"
EndProject
Project("{8BC9CEB8-8B4A-11D0-8D11-00A0C91BC942}") = "Sem01.03", "Seminars\Sem01\Sem01.03\Sem01.03.vcxproj", "{54A412C2-BCE0-4D25-ADED-1FBFF2818FFA}"
EndProject
Project("{8BC9CEB8-8B4A-11D0-8D11-00A0C91BC942}") = "Sem01.04", "Seminars\Sem01\Sem01.04\Sem01.04.vcxproj", "{0D8D6552-9516-495C-B830-AA77BBDFBE1F}"
EndProject
Project("{8BC9CEB8-8B4A-11D0-8D11-00A0C91BC942}") = "Sem01.05", "Seminars\Sem01\Sem01.05\Sem01.05.vcxproj", "{89563127-7D76-4F1D-AA49-71AE4F7DF25D}"
EndProject
Project("{8BC9CEB8-8B4A-11D0-8D11-00A0C91BC942}") = "Sem01.06", "Seminars\Sem01\Sem01.06\Sem01.06.vcxproj", "{35AB7EC2-E1FA-4FF3-8ECD-46F7D3336E29}"
EndProject
Project("{8BC9CEB8-8B4A-11D0-8D11-00A0C91BC942}") = "Sem01.07", "Seminars\Sem01\Sem01.07\Sem01.07.vcxproj", "{FF203E8D-1F15-4AF6-95E1-2EF86E1EDC1F}"
EndProject
Project("{8BC9CEB8-8B4A-11D0-8D11-00A0C91BC942}") = "Sem01.08", "Seminars\Sem01\Sem01.08\Sem01.08.vcxproj", "{08131D57-E9A4-42A7-8E15-F7218D682154}"
EndProject
Project("{8BC9CEB8-8B4A-11D0-8D11-00A0C91BC942}") = "Sem01.09", "Seminars\Sem01\Sem01.09\Sem01.09.vcxproj", "{5329A6BB-9B1B-40EC-A13C-B20137EB3D4B}"
EndProject
Project("{2150E333-8FDC-42A3-9474-1A3956D46DE8}") = "Pract01", "Pract01", "{D7760B47-1B88-4988-B53F-76755465C498}"
EndProject
Project("{8BC9CEB8-8B4A-11D0-8D11-00A0C91BC942}") = "Pract01.01", "Practices\Pract01\Pract01.01\Pract01.01.vcxproj", "{BD3B0A75-8B79-4DC9-83CC-20E9E2E78109}"
EndProject
Project("{8BC9CEB8-8B4A-11D0-8D11-00A0C91BC942}") = "Pract01.02", "Practices\Pract01\Pract01.02\Pract01.02.vcxproj", "{612D1571-F9F5-4876-A490-84B205E675FC}"
EndProject
Project("{8BC9CEB8-8B4A-11D0-8D11-00A0C91BC942}") = "Pract01.03", "Practices\Pract01\Pract01.03\Pract01.03.vcxproj", "{19BD659F-D474-466F-9CFF-9BA99A27FBC4}"
EndProject
Project("{8BC9CEB8-8B4A-11D0-8D11-00A0C91BC942}") = "Pract01.04", "Practices\Pract01\Pract01.04\Pract01.04.vcxproj", "{D09CBED5-85FD-407B-8C27-087D974175AD}"
EndProject
Project("{8BC9CEB8-8B4A-11D0-8D11-00A0C91BC942}") = "Pract01.05", "Practices\Pract01\Pract01.05\Pract01.05.vcxproj", "{472E1209-19AB-475C-A7E6-6766878B714E}"
EndProject
Project("{8BC9CEB8-8B4A-11D0-8D11-00A0C91BC942}") = "Pract01.06", "Practices\Pract01\Pract01.06\Pract01.06.vcxproj", "{28306865-BA10-4E7C-B368-4767236EC63B}"
EndProject
Project("{8BC9CEB8-8B4A-11D0-8D11-00A0C91BC942}") = "Pract01.07", "Practices\Pract01\Pract01.07\Pract01.07.vcxproj", "{AF6E8A24-EC58-41DD-8F54-69F8E8849475}"
EndProject
Project("{8BC9CEB8-8B4A-11D0-8D11-00A0C91BC942}") = "Pract01.08", "Practices\Pract01\Pract01.08\Pract01.08.vcxproj", "{57FA4489-3065-486F-ABC8-0B496E85255B}"
EndProject
Project("{8BC9CEB8-8B4A-11D0-8D11-00A0C91BC942}") = "Pract01.09", "Practices\Pract01\Pract01.09\Pract01.09.vcxproj", "{96C11C24-33E7-4E8B-81C1-3CF9482AF0C0}"
EndProject
Project("{8BC9CEB8-8B4A-11D0-8D11-00A0C91BC942}") = "Pract01.10", "Practices\Pract01\Pract01.10\Pract01.10.vcxproj", "{5F4C6EDB-C1FA-4554-830F-5DBB2BF6F5C8}"
EndProject
Project("{8BC9CEB8-8B4A-11D0-8D11-00A0C91BC942}") = "Pract01.11", "Practices\Pract01\Pract01.11\Pract01.11.vcxproj", "{2E72990F-BFD0-4C8C-9EFC-E29C7BBAF988}"
EndProject
Project("{8BC9CEB8-8B4A-11D0-8D11-00A0C91BC942}") = "Pract01.12", "Practices\Pract01\Pract01.12\Pract01.12.vcxproj", "{B3C33F74-553B-4735-B2F5-51E6A4BE5E37}"
EndProject
Project("{8BC9CEB8-8B4A-11D0-8D11-00A0C91BC942}") = "Pract01.13", "Practices\Pract01\Pract01.13\Pract01.13.vcxproj", "{D2EB1CC2-84FB-4C3B-A89D-125C5BB04B26}"
EndProject
Project("{8BC9CEB8-8B4A-11D0-8D11-00A0C91BC942}") = "Pract01.14", "Practices\Pract01\Pract01.14\Pract01.14.vcxproj", "{C884D569-763D-4A6E-AA6B-24DEE9182C16}"
EndProject
Project("{8BC9CEB8-8B4A-11D0-8D11-00A0C91BC942}") = "Pract01.15", "Practices\Pract01\Pract01.15\Pract01.15.vcxproj", "{361F1A37-8078-4F58-88BA-549294B31D57}"
EndProject
Project("{8BC9CEB8-8B4A-11D0-8D11-00A0C91BC942}") = "Pract01.16", "Practices\Pract01\Pract01.16\Pract01.16.vcxproj", "{7B6E18F4-EB5F-4DB8-8914-BE5BD9D604B3}"
EndProject
Project("{8BC9CEB8-8B4A-11D0-8D11-00A0C91BC942}") = "Pract01.17", "Practices\Pract01\Pract01.17\Pract01.17.vcxproj", "{7E0A84B3-278C-4BA3-8B35-54BEDFD85100}"
EndProject
Project("{8BC9CEB8-8B4A-11D0-8D11-00A0C91BC942}") = "Pract01.18", "Practices\Pract01\Pract01.18\Pract01.18.vcxproj", "{05581D70-6DFC-4129-97B4-C1D95679BD5E}"
EndProject
Project("{2150E333-8FDC-42A3-9474-1A3956D46DE8}") = "Additional", "Additional", "{FF9141E3-F31F-430B-B749-A1CD42BC2C33}"
EndProject
Project("{8BC9CEB8-8B4A-11D0-8D11-00A0C91BC942}") = "Pract01.01A", "Practices\Pract01\Additional\Pract01.01A\Pract01.01A.vcxproj", "{53C9B203-737C-420A-A68D-58643EDEBAC3}"
EndProject
Project("{8BC9CEB8-8B4A-11D0-8D11-00A0C91BC942}") = "Pract01.02A", "Practices\Pract01\Additional\Pract01.02A\Pract01.02A.vcxproj", "{BD554B50-A45E-49FA-9B86-F7A1C3CA1695}"
EndProject
Project("{8BC9CEB8-8B4A-11D0-8D11-00A0C91BC942}") = "Pract01.03A", "Practices\Pract01\Additional\Pract01.03A\Pract01.03A.vcxproj", "{101C5FE0-AD5F-4B29-B73D-EFD313B13D50}"
EndProject
Project("{8BC9CEB8-8B4A-11D0-8D11-00A0C91BC942}") = "Pract01.04A", "Practices\Pract01\Additional\Pract01.04A\Pract01.04A.vcxproj", "{1A8B9BFF-CC0D-4418-8A73-AA548705199E}"
EndProject
Project("{8BC9CEB8-8B4A-11D0-8D11-00A0C91BC942}") = "Pract01.05A", "Practices\Pract01\Additional\Pract01.05A\Pract01.05A.vcxproj", "{807963D0-8420-4E10-A343-A20C63DFAFD7}"
EndProject
Project("{8BC9CEB8-8B4A-11D0-8D11-00A0C91BC942}") = "Pract01.06A", "Practices\Pract01\Additional\Pract01.06A\Pract01.06A.vcxproj", "{E3607F1C-49A9-42BF-9363-3A812920E3DF}"
EndProject
Project("{8BC9CEB8-8B4A-11D0-8D11-00A0C91BC942}") = "Pract01.07A", "Practices\Pract01\Additional\Pract01.07A\Pract01.07A.vcxproj", "{78B7701B-2082-4C6F-83CE-7E1FBEF44345}"
EndProject
Project("{8BC9CEB8-8B4A-11D0-8D11-00A0C91BC942}") = "Pract01.08A", "Practices\Pract01\Additional\Pract01.08A\Pract01.08A.vcxproj", "{0554EAA8-5660-468F-ADC6-948A4CADE095}"
EndProject
Project("{2150E333-8FDC-42A3-9474-1A3956D46DE8}") = "Sem. 02", "Sem. 02", "{98A13774-9CD7-479A-A28B-D2A0E3B6C57C}"
EndProject
Project("{8BC9CEB8-8B4A-11D0-8D11-00A0C91BC942}") = "Sem02.01", "Seminars\Sem02\Sem02.01\Sem02.01.vcxproj", "{F2A800E6-C3FE-44B0-9395-91B972E4DCBB}"
EndProject
Project("{8BC9CEB8-8B4A-11D0-8D11-00A0C91BC942}") = "Sem02.02", "Seminars\Sem02\Sem02.02\Sem02.02.vcxproj", "{5177E8D4-8001-4C46-841C-FB355D72E074}"
EndProject
Project("{8BC9CEB8-8B4A-11D0-8D11-00A0C91BC942}") = "Sem02.03", "Seminars\Sem02\Sem02.03\Sem02.03.vcxproj", "{34368DBF-2861-46AD-B7B5-94D1AF886A0E}"
EndProject
Project("{8BC9CEB8-8B4A-11D0-8D11-00A0C91BC942}") = "Sem02.04", "Seminars\Sem02\Sem02.04\Sem02.04.vcxproj", "{D95B9DB8-40AF-4327-A57F-DC17EB88E7F0}"
EndProject
Project("{8BC9CEB8-8B4A-11D0-8D11-00A0C91BC942}") = "Sem02.05", "Seminars\Sem02\Sem02.05\Sem02.05.vcxproj", "{560F4000-4148-4BA1-9EC4-491FFEA01453}"
EndProject
Project("{8BC9CEB8-8B4A-11D0-8D11-00A0C91BC942}") = "Sem02.06", "Seminars\Sem02\Sem02.06\Sem02.06.vcxproj", "{F18A60EA-0793-46FF-A2A1-293A22938AA2}"
EndProject
Project("{8BC9CEB8-8B4A-11D0-8D11-00A0C91BC942}") = "Sem02.07", "Seminars\Sem02\Sem02.07\Sem02.07.vcxproj", "{793151E5-A2E4-425A-84EE-038C308968E7}"
EndProject
Global
	GlobalSection(SolutionConfigurationPlatforms) = preSolution
		Debug|x64 = Debug|x64
		Debug|x86 = Debug|x86
		Release|x64 = Release|x64
		Release|x86 = Release|x86
	EndGlobalSection
	GlobalSection(ProjectConfigurationPlatforms) = postSolution
		{4F2C462C-EE29-4E0C-8CF1-01876B77CCA6}.Debug|x64.ActiveCfg = Debug|x64
		{4F2C462C-EE29-4E0C-8CF1-01876B77CCA6}.Debug|x64.Build.0 = Debug|x64
		{4F2C462C-EE29-4E0C-8CF1-01876B77CCA6}.Debug|x86.ActiveCfg = Debug|Win32
		{4F2C462C-EE29-4E0C-8CF1-01876B77CCA6}.Debug|x86.Build.0 = Debug|Win32
		{4F2C462C-EE29-4E0C-8CF1-01876B77CCA6}.Release|x64.ActiveCfg = Release|x64
		{4F2C462C-EE29-4E0C-8CF1-01876B77CCA6}.Release|x64.Build.0 = Release|x64
		{4F2C462C-EE29-4E0C-8CF1-01876B77CCA6}.Release|x86.ActiveCfg = Release|Win32
		{4F2C462C-EE29-4E0C-8CF1-01876B77CCA6}.Release|x86.Build.0 = Release|Win32
		{9ACB3068-AF7B-4C12-B8EE-B24083028081}.Debug|x64.ActiveCfg = Debug|x64
		{9ACB3068-AF7B-4C12-B8EE-B24083028081}.Debug|x64.Build.0 = Debug|x64
		{9ACB3068-AF7B-4C12-B8EE-B24083028081}.Debug|x86.ActiveCfg = Debug|Win32
		{9ACB3068-AF7B-4C12-B8EE-B24083028081}.Debug|x86.Build.0 = Debug|Win32
		{9ACB3068-AF7B-4C12-B8EE-B24083028081}.Release|x64.ActiveCfg = Release|x64
		{9ACB3068-AF7B-4C12-B8EE-B24083028081}.Release|x64.Build.0 = Release|x64
		{9ACB3068-AF7B-4C12-B8EE-B24083028081}.Release|x86.ActiveCfg = Release|Win32
		{9ACB3068-AF7B-4C12-B8EE-B24083028081}.Release|x86.Build.0 = Release|Win32
		{54A412C2-BCE0-4D25-ADED-1FBFF2818FFA}.Debug|x64.ActiveCfg = Debug|x64
		{54A412C2-BCE0-4D25-ADED-1FBFF2818FFA}.Debug|x64.Build.0 = Debug|x64
		{54A412C2-BCE0-4D25-ADED-1FBFF2818FFA}.Debug|x86.ActiveCfg = Debug|Win32
		{54A412C2-BCE0-4D25-ADED-1FBFF2818FFA}.Debug|x86.Build.0 = Debug|Win32
		{54A412C2-BCE0-4D25-ADED-1FBFF2818FFA}.Release|x64.ActiveCfg = Release|x64
		{54A412C2-BCE0-4D25-ADED-1FBFF2818FFA}.Release|x64.Build.0 = Release|x64
		{54A412C2-BCE0-4D25-ADED-1FBFF2818FFA}.Release|x86.ActiveCfg = Release|Win32
		{54A412C2-BCE0-4D25-ADED-1FBFF2818FFA}.Release|x86.Build.0 = Release|Win32
		{0D8D6552-9516-495C-B830-AA77BBDFBE1F}.Debug|x64.ActiveCfg = Debug|x64
		{0D8D6552-9516-495C-B830-AA77BBDFBE1F}.Debug|x64.Build.0 = Debug|x64
		{0D8D6552-9516-495C-B830-AA77BBDFBE1F}.Debug|x86.ActiveCfg = Debug|Win32
		{0D8D6552-9516-495C-B830-AA77BBDFBE1F}.Debug|x86.Build.0 = Debug|Win32
		{0D8D6552-9516-495C-B830-AA77BBDFBE1F}.Release|x64.ActiveCfg = Release|x64
		{0D8D6552-9516-495C-B830-AA77BBDFBE1F}.Release|x64.Build.0 = Release|x64
		{0D8D6552-9516-495C-B830-AA77BBDFBE1F}.Release|x86.ActiveCfg = Release|Win32
		{0D8D6552-9516-495C-B830-AA77BBDFBE1F}.Release|x86.Build.0 = Release|Win32
		{89563127-7D76-4F1D-AA49-71AE4F7DF25D}.Debug|x64.ActiveCfg = Debug|x64
		{89563127-7D76-4F1D-AA49-71AE4F7DF25D}.Debug|x64.Build.0 = Debug|x64
		{89563127-7D76-4F1D-AA49-71AE4F7DF25D}.Debug|x86.ActiveCfg = Debug|Win32
		{89563127-7D76-4F1D-AA49-71AE4F7DF25D}.Debug|x86.Build.0 = Debug|Win32
		{89563127-7D76-4F1D-AA49-71AE4F7DF25D}.Release|x64.ActiveCfg = Release|x64
		{89563127-7D76-4F1D-AA49-71AE4F7DF25D}.Release|x64.Build.0 = Release|x64
		{89563127-7D76-4F1D-AA49-71AE4F7DF25D}.Release|x86.ActiveCfg = Release|Win32
		{89563127-7D76-4F1D-AA49-71AE4F7DF25D}.Release|x86.Build.0 = Release|Win32
		{35AB7EC2-E1FA-4FF3-8ECD-46F7D3336E29}.Debug|x64.ActiveCfg = Debug|x64
		{35AB7EC2-E1FA-4FF3-8ECD-46F7D3336E29}.Debug|x64.Build.0 = Debug|x64
		{35AB7EC2-E1FA-4FF3-8ECD-46F7D3336E29}.Debug|x86.ActiveCfg = Debug|Win32
		{35AB7EC2-E1FA-4FF3-8ECD-46F7D3336E29}.Debug|x86.Build.0 = Debug|Win32
		{35AB7EC2-E1FA-4FF3-8ECD-46F7D3336E29}.Release|x64.ActiveCfg = Release|x64
		{35AB7EC2-E1FA-4FF3-8ECD-46F7D3336E29}.Release|x64.Build.0 = Release|x64
		{35AB7EC2-E1FA-4FF3-8ECD-46F7D3336E29}.Release|x86.ActiveCfg = Release|Win32
		{35AB7EC2-E1FA-4FF3-8ECD-46F7D3336E29}.Release|x86.Build.0 = Release|Win32
		{FF203E8D-1F15-4AF6-95E1-2EF86E1EDC1F}.Debug|x64.ActiveCfg = Debug|x64
		{FF203E8D-1F15-4AF6-95E1-2EF86E1EDC1F}.Debug|x64.Build.0 = Debug|x64
		{FF203E8D-1F15-4AF6-95E1-2EF86E1EDC1F}.Debug|x86.ActiveCfg = Debug|Win32
		{FF203E8D-1F15-4AF6-95E1-2EF86E1EDC1F}.Debug|x86.Build.0 = Debug|Win32
		{FF203E8D-1F15-4AF6-95E1-2EF86E1EDC1F}.Release|x64.ActiveCfg = Release|x64
		{FF203E8D-1F15-4AF6-95E1-2EF86E1EDC1F}.Release|x64.Build.0 = Release|x64
		{FF203E8D-1F15-4AF6-95E1-2EF86E1EDC1F}.Release|x86.ActiveCfg = Release|Win32
		{FF203E8D-1F15-4AF6-95E1-2EF86E1EDC1F}.Release|x86.Build.0 = Release|Win32
		{08131D57-E9A4-42A7-8E15-F7218D682154}.Debug|x64.ActiveCfg = Debug|x64
		{08131D57-E9A4-42A7-8E15-F7218D682154}.Debug|x64.Build.0 = Debug|x64
		{08131D57-E9A4-42A7-8E15-F7218D682154}.Debug|x86.ActiveCfg = Debug|Win32
		{08131D57-E9A4-42A7-8E15-F7218D682154}.Debug|x86.Build.0 = Debug|Win32
		{08131D57-E9A4-42A7-8E15-F7218D682154}.Release|x64.ActiveCfg = Release|x64
		{08131D57-E9A4-42A7-8E15-F7218D682154}.Release|x64.Build.0 = Release|x64
		{08131D57-E9A4-42A7-8E15-F7218D682154}.Release|x86.ActiveCfg = Release|Win32
		{08131D57-E9A4-42A7-8E15-F7218D682154}.Release|x86.Build.0 = Release|Win32
		{5329A6BB-9B1B-40EC-A13C-B20137EB3D4B}.Debug|x64.ActiveCfg = Debug|x64
		{5329A6BB-9B1B-40EC-A13C-B20137EB3D4B}.Debug|x64.Build.0 = Debug|x64
		{5329A6BB-9B1B-40EC-A13C-B20137EB3D4B}.Debug|x86.ActiveCfg = Debug|Win32
		{5329A6BB-9B1B-40EC-A13C-B20137EB3D4B}.Debug|x86.Build.0 = Debug|Win32
		{5329A6BB-9B1B-40EC-A13C-B20137EB3D4B}.Release|x64.ActiveCfg = Release|x64
		{5329A6BB-9B1B-40EC-A13C-B20137EB3D4B}.Release|x64.Build.0 = Release|x64
		{5329A6BB-9B1B-40EC-A13C-B20137EB3D4B}.Release|x86.ActiveCfg = Release|Win32
		{5329A6BB-9B1B-40EC-A13C-B20137EB3D4B}.Release|x86.Build.0 = Release|Win32
		{BD3B0A75-8B79-4DC9-83CC-20E9E2E78109}.Debug|x64.ActiveCfg = Debug|x64
		{BD3B0A75-8B79-4DC9-83CC-20E9E2E78109}.Debug|x64.Build.0 = Debug|x64
		{BD3B0A75-8B79-4DC9-83CC-20E9E2E78109}.Debug|x86.ActiveCfg = Debug|Win32
		{BD3B0A75-8B79-4DC9-83CC-20E9E2E78109}.Debug|x86.Build.0 = Debug|Win32
		{BD3B0A75-8B79-4DC9-83CC-20E9E2E78109}.Release|x64.ActiveCfg = Release|x64
		{BD3B0A75-8B79-4DC9-83CC-20E9E2E78109}.Release|x64.Build.0 = Release|x64
		{BD3B0A75-8B79-4DC9-83CC-20E9E2E78109}.Release|x86.ActiveCfg = Release|Win32
		{BD3B0A75-8B79-4DC9-83CC-20E9E2E78109}.Release|x86.Build.0 = Release|Win32
		{612D1571-F9F5-4876-A490-84B205E675FC}.Debug|x64.ActiveCfg = Debug|x64
		{612D1571-F9F5-4876-A490-84B205E675FC}.Debug|x64.Build.0 = Debug|x64
		{612D1571-F9F5-4876-A490-84B205E675FC}.Debug|x86.ActiveCfg = Debug|Win32
		{612D1571-F9F5-4876-A490-84B205E675FC}.Debug|x86.Build.0 = Debug|Win32
		{612D1571-F9F5-4876-A490-84B205E675FC}.Release|x64.ActiveCfg = Release|x64
		{612D1571-F9F5-4876-A490-84B205E675FC}.Release|x64.Build.0 = Release|x64
		{612D1571-F9F5-4876-A490-84B205E675FC}.Release|x86.ActiveCfg = Release|Win32
		{612D1571-F9F5-4876-A490-84B205E675FC}.Release|x86.Build.0 = Release|Win32
		{19BD659F-D474-466F-9CFF-9BA99A27FBC4}.Debug|x64.ActiveCfg = Debug|x64
		{19BD659F-D474-466F-9CFF-9BA99A27FBC4}.Debug|x64.Build.0 = Debug|x64
		{19BD659F-D474-466F-9CFF-9BA99A27FBC4}.Debug|x86.ActiveCfg = Debug|Win32
		{19BD659F-D474-466F-9CFF-9BA99A27FBC4}.Debug|x86.Build.0 = Debug|Win32
		{19BD659F-D474-466F-9CFF-9BA99A27FBC4}.Release|x64.ActiveCfg = Release|x64
		{19BD659F-D474-466F-9CFF-9BA99A27FBC4}.Release|x64.Build.0 = Release|x64
		{19BD659F-D474-466F-9CFF-9BA99A27FBC4}.Release|x86.ActiveCfg = Release|Win32
		{19BD659F-D474-466F-9CFF-9BA99A27FBC4}.Release|x86.Build.0 = Release|Win32
		{D09CBED5-85FD-407B-8C27-087D974175AD}.Debug|x64.ActiveCfg = Debug|x64
		{D09CBED5-85FD-407B-8C27-087D974175AD}.Debug|x64.Build.0 = Debug|x64
		{D09CBED5-85FD-407B-8C27-087D974175AD}.Debug|x86.ActiveCfg = Debug|Win32
		{D09CBED5-85FD-407B-8C27-087D974175AD}.Debug|x86.Build.0 = Debug|Win32
		{D09CBED5-85FD-407B-8C27-087D974175AD}.Release|x64.ActiveCfg = Release|x64
		{D09CBED5-85FD-407B-8C27-087D974175AD}.Release|x64.Build.0 = Release|x64
		{D09CBED5-85FD-407B-8C27-087D974175AD}.Release|x86.ActiveCfg = Release|Win32
		{D09CBED5-85FD-407B-8C27-087D974175AD}.Release|x86.Build.0 = Release|Win32
		{472E1209-19AB-475C-A7E6-6766878B714E}.Debug|x64.ActiveCfg = Debug|x64
		{472E1209-19AB-475C-A7E6-6766878B714E}.Debug|x64.Build.0 = Debug|x64
		{472E1209-19AB-475C-A7E6-6766878B714E}.Debug|x86.ActiveCfg = Debug|Win32
		{472E1209-19AB-475C-A7E6-6766878B714E}.Debug|x86.Build.0 = Debug|Win32
		{472E1209-19AB-475C-A7E6-6766878B714E}.Release|x64.ActiveCfg = Release|x64
		{472E1209-19AB-475C-A7E6-6766878B714E}.Release|x64.Build.0 = Release|x64
		{472E1209-19AB-475C-A7E6-6766878B714E}.Release|x86.ActiveCfg = Release|Win32
		{472E1209-19AB-475C-A7E6-6766878B714E}.Release|x86.Build.0 = Release|Win32
		{28306865-BA10-4E7C-B368-4767236EC63B}.Debug|x64.ActiveCfg = Debug|x64
		{28306865-BA10-4E7C-B368-4767236EC63B}.Debug|x64.Build.0 = Debug|x64
		{28306865-BA10-4E7C-B368-4767236EC63B}.Debug|x86.ActiveCfg = Debug|Win32
		{28306865-BA10-4E7C-B368-4767236EC63B}.Debug|x86.Build.0 = Debug|Win32
		{28306865-BA10-4E7C-B368-4767236EC63B}.Release|x64.ActiveCfg = Release|x64
		{28306865-BA10-4E7C-B368-4767236EC63B}.Release|x64.Build.0 = Release|x64
		{28306865-BA10-4E7C-B368-4767236EC63B}.Release|x86.ActiveCfg = Release|Win32
		{28306865-BA10-4E7C-B368-4767236EC63B}.Release|x86.Build.0 = Release|Win32
		{AF6E8A24-EC58-41DD-8F54-69F8E8849475}.Debug|x64.ActiveCfg = Debug|x64
		{AF6E8A24-EC58-41DD-8F54-69F8E8849475}.Debug|x64.Build.0 = Debug|x64
		{AF6E8A24-EC58-41DD-8F54-69F8E8849475}.Debug|x86.ActiveCfg = Debug|Win32
		{AF6E8A24-EC58-41DD-8F54-69F8E8849475}.Debug|x86.Build.0 = Debug|Win32
		{AF6E8A24-EC58-41DD-8F54-69F8E8849475}.Release|x64.ActiveCfg = Release|x64
		{AF6E8A24-EC58-41DD-8F54-69F8E8849475}.Release|x64.Build.0 = Release|x64
		{AF6E8A24-EC58-41DD-8F54-69F8E8849475}.Release|x86.ActiveCfg = Release|Win32
		{AF6E8A24-EC58-41DD-8F54-69F8E8849475}.Release|x86.Build.0 = Release|Win32
		{57FA4489-3065-486F-ABC8-0B496E85255B}.Debug|x64.ActiveCfg = Debug|x64
		{57FA4489-3065-486F-ABC8-0B496E85255B}.Debug|x64.Build.0 = Debug|x64
		{57FA4489-3065-486F-ABC8-0B496E85255B}.Debug|x86.ActiveCfg = Debug|Win32
		{57FA4489-3065-486F-ABC8-0B496E85255B}.Debug|x86.Build.0 = Debug|Win32
		{57FA4489-3065-486F-ABC8-0B496E85255B}.Release|x64.ActiveCfg = Release|x64
		{57FA4489-3065-486F-ABC8-0B496E85255B}.Release|x64.Build.0 = Release|x64
		{57FA4489-3065-486F-ABC8-0B496E85255B}.Release|x86.ActiveCfg = Release|Win32
		{57FA4489-3065-486F-ABC8-0B496E85255B}.Release|x86.Build.0 = Release|Win32
		{96C11C24-33E7-4E8B-81C1-3CF9482AF0C0}.Debug|x64.ActiveCfg = Debug|x64
		{96C11C24-33E7-4E8B-81C1-3CF9482AF0C0}.Debug|x64.Build.0 = Debug|x64
		{96C11C24-33E7-4E8B-81C1-3CF9482AF0C0}.Debug|x86.ActiveCfg = Debug|Win32
		{96C11C24-33E7-4E8B-81C1-3CF9482AF0C0}.Debug|x86.Build.0 = Debug|Win32
		{96C11C24-33E7-4E8B-81C1-3CF9482AF0C0}.Release|x64.ActiveCfg = Release|x64
		{96C11C24-33E7-4E8B-81C1-3CF9482AF0C0}.Release|x64.Build.0 = Release|x64
		{96C11C24-33E7-4E8B-81C1-3CF9482AF0C0}.Release|x86.ActiveCfg = Release|Win32
		{96C11C24-33E7-4E8B-81C1-3CF9482AF0C0}.Release|x86.Build.0 = Release|Win32
		{5F4C6EDB-C1FA-4554-830F-5DBB2BF6F5C8}.Debug|x64.ActiveCfg = Debug|x64
		{5F4C6EDB-C1FA-4554-830F-5DBB2BF6F5C8}.Debug|x64.Build.0 = Debug|x64
		{5F4C6EDB-C1FA-4554-830F-5DBB2BF6F5C8}.Debug|x86.ActiveCfg = Debug|Win32
		{5F4C6EDB-C1FA-4554-830F-5DBB2BF6F5C8}.Debug|x86.Build.0 = Debug|Win32
		{5F4C6EDB-C1FA-4554-830F-5DBB2BF6F5C8}.Release|x64.ActiveCfg = Release|x64
		{5F4C6EDB-C1FA-4554-830F-5DBB2BF6F5C8}.Release|x64.Build.0 = Release|x64
		{5F4C6EDB-C1FA-4554-830F-5DBB2BF6F5C8}.Release|x86.ActiveCfg = Release|Win32
		{5F4C6EDB-C1FA-4554-830F-5DBB2BF6F5C8}.Release|x86.Build.0 = Release|Win32
		{2E72990F-BFD0-4C8C-9EFC-E29C7BBAF988}.Debug|x64.ActiveCfg = Debug|x64
		{2E72990F-BFD0-4C8C-9EFC-E29C7BBAF988}.Debug|x64.Build.0 = Debug|x64
		{2E72990F-BFD0-4C8C-9EFC-E29C7BBAF988}.Debug|x86.ActiveCfg = Debug|Win32
		{2E72990F-BFD0-4C8C-9EFC-E29C7BBAF988}.Debug|x86.Build.0 = Debug|Win32
		{2E72990F-BFD0-4C8C-9EFC-E29C7BBAF988}.Release|x64.ActiveCfg = Release|x64
		{2E72990F-BFD0-4C8C-9EFC-E29C7BBAF988}.Release|x64.Build.0 = Release|x64
		{2E72990F-BFD0-4C8C-9EFC-E29C7BBAF988}.Release|x86.ActiveCfg = Release|Win32
		{2E72990F-BFD0-4C8C-9EFC-E29C7BBAF988}.Release|x86.Build.0 = Release|Win32
		{B3C33F74-553B-4735-B2F5-51E6A4BE5E37}.Debug|x64.ActiveCfg = Debug|x64
		{B3C33F74-553B-4735-B2F5-51E6A4BE5E37}.Debug|x64.Build.0 = Debug|x64
		{B3C33F74-553B-4735-B2F5-51E6A4BE5E37}.Debug|x86.ActiveCfg = Debug|Win32
		{B3C33F74-553B-4735-B2F5-51E6A4BE5E37}.Debug|x86.Build.0 = Debug|Win32
		{B3C33F74-553B-4735-B2F5-51E6A4BE5E37}.Release|x64.ActiveCfg = Release|x64
		{B3C33F74-553B-4735-B2F5-51E6A4BE5E37}.Release|x64.Build.0 = Release|x64
		{B3C33F74-553B-4735-B2F5-51E6A4BE5E37}.Release|x86.ActiveCfg = Release|Win32
		{B3C33F74-553B-4735-B2F5-51E6A4BE5E37}.Release|x86.Build.0 = Release|Win32
		{D2EB1CC2-84FB-4C3B-A89D-125C5BB04B26}.Debug|x64.ActiveCfg = Debug|x64
		{D2EB1CC2-84FB-4C3B-A89D-125C5BB04B26}.Debug|x64.Build.0 = Debug|x64
		{D2EB1CC2-84FB-4C3B-A89D-125C5BB04B26}.Debug|x86.ActiveCfg = Debug|Win32
		{D2EB1CC2-84FB-4C3B-A89D-125C5BB04B26}.Debug|x86.Build.0 = Debug|Win32
		{D2EB1CC2-84FB-4C3B-A89D-125C5BB04B26}.Release|x64.ActiveCfg = Release|x64
		{D2EB1CC2-84FB-4C3B-A89D-125C5BB04B26}.Release|x64.Build.0 = Release|x64
		{D2EB1CC2-84FB-4C3B-A89D-125C5BB04B26}.Release|x86.ActiveCfg = Release|Win32
		{D2EB1CC2-84FB-4C3B-A89D-125C5BB04B26}.Release|x86.Build.0 = Release|Win32
		{C884D569-763D-4A6E-AA6B-24DEE9182C16}.Debug|x64.ActiveCfg = Debug|x64
		{C884D569-763D-4A6E-AA6B-24DEE9182C16}.Debug|x64.Build.0 = Debug|x64
		{C884D569-763D-4A6E-AA6B-24DEE9182C16}.Debug|x86.ActiveCfg = Debug|Win32
		{C884D569-763D-4A6E-AA6B-24DEE9182C16}.Debug|x86.Build.0 = Debug|Win32
		{C884D569-763D-4A6E-AA6B-24DEE9182C16}.Release|x64.ActiveCfg = Release|x64
		{C884D569-763D-4A6E-AA6B-24DEE9182C16}.Release|x64.Build.0 = Release|x64
		{C884D569-763D-4A6E-AA6B-24DEE9182C16}.Release|x86.ActiveCfg = Release|Win32
		{C884D569-763D-4A6E-AA6B-24DEE9182C16}.Release|x86.Build.0 = Release|Win32
		{361F1A37-8078-4F58-88BA-549294B31D57}.Debug|x64.ActiveCfg = Debug|x64
		{361F1A37-8078-4F58-88BA-549294B31D57}.Debug|x64.Build.0 = Debug|x64
		{361F1A37-8078-4F58-88BA-549294B31D57}.Debug|x86.ActiveCfg = Debug|Win32
		{361F1A37-8078-4F58-88BA-549294B31D57}.Debug|x86.Build.0 = Debug|Win32
		{361F1A37-8078-4F58-88BA-549294B31D57}.Release|x64.ActiveCfg = Release|x64
		{361F1A37-8078-4F58-88BA-549294B31D57}.Release|x64.Build.0 = Release|x64
		{361F1A37-8078-4F58-88BA-549294B31D57}.Release|x86.ActiveCfg = Release|Win32
		{361F1A37-8078-4F58-88BA-549294B31D57}.Release|x86.Build.0 = Release|Win32
		{7B6E18F4-EB5F-4DB8-8914-BE5BD9D604B3}.Debug|x64.ActiveCfg = Debug|x64
		{7B6E18F4-EB5F-4DB8-8914-BE5BD9D604B3}.Debug|x64.Build.0 = Debug|x64
		{7B6E18F4-EB5F-4DB8-8914-BE5BD9D604B3}.Debug|x86.ActiveCfg = Debug|Win32
		{7B6E18F4-EB5F-4DB8-8914-BE5BD9D604B3}.Debug|x86.Build.0 = Debug|Win32
		{7B6E18F4-EB5F-4DB8-8914-BE5BD9D604B3}.Release|x64.ActiveCfg = Release|x64
		{7B6E18F4-EB5F-4DB8-8914-BE5BD9D604B3}.Release|x64.Build.0 = Release|x64
		{7B6E18F4-EB5F-4DB8-8914-BE5BD9D604B3}.Release|x86.ActiveCfg = Release|Win32
		{7B6E18F4-EB5F-4DB8-8914-BE5BD9D604B3}.Release|x86.Build.0 = Release|Win32
		{7E0A84B3-278C-4BA3-8B35-54BEDFD85100}.Debug|x64.ActiveCfg = Debug|x64
		{7E0A84B3-278C-4BA3-8B35-54BEDFD85100}.Debug|x64.Build.0 = Debug|x64
		{7E0A84B3-278C-4BA3-8B35-54BEDFD85100}.Debug|x86.ActiveCfg = Debug|Win32
		{7E0A84B3-278C-4BA3-8B35-54BEDFD85100}.Debug|x86.Build.0 = Debug|Win32
		{7E0A84B3-278C-4BA3-8B35-54BEDFD85100}.Release|x64.ActiveCfg = Release|x64
		{7E0A84B3-278C-4BA3-8B35-54BEDFD85100}.Release|x64.Build.0 = Release|x64
		{7E0A84B3-278C-4BA3-8B35-54BEDFD85100}.Release|x86.ActiveCfg = Release|Win32
		{7E0A84B3-278C-4BA3-8B35-54BEDFD85100}.Release|x86.Build.0 = Release|Win32
		{05581D70-6DFC-4129-97B4-C1D95679BD5E}.Debug|x64.ActiveCfg = Debug|x64
		{05581D70-6DFC-4129-97B4-C1D95679BD5E}.Debug|x64.Build.0 = Debug|x64
		{05581D70-6DFC-4129-97B4-C1D95679BD5E}.Debug|x86.ActiveCfg = Debug|Win32
		{05581D70-6DFC-4129-97B4-C1D95679BD5E}.Debug|x86.Build.0 = Debug|Win32
		{05581D70-6DFC-4129-97B4-C1D95679BD5E}.Release|x64.ActiveCfg = Release|x64
		{05581D70-6DFC-4129-97B4-C1D95679BD5E}.Release|x64.Build.0 = Release|x64
		{05581D70-6DFC-4129-97B4-C1D95679BD5E}.Release|x86.ActiveCfg = Release|Win32
		{05581D70-6DFC-4129-97B4-C1D95679BD5E}.Release|x86.Build.0 = Release|Win32
		{53C9B203-737C-420A-A68D-58643EDEBAC3}.Debug|x64.ActiveCfg = Debug|x64
		{53C9B203-737C-420A-A68D-58643EDEBAC3}.Debug|x64.Build.0 = Debug|x64
		{53C9B203-737C-420A-A68D-58643EDEBAC3}.Debug|x86.ActiveCfg = Debug|Win32
		{53C9B203-737C-420A-A68D-58643EDEBAC3}.Debug|x86.Build.0 = Debug|Win32
		{53C9B203-737C-420A-A68D-58643EDEBAC3}.Release|x64.ActiveCfg = Release|x64
		{53C9B203-737C-420A-A68D-58643EDEBAC3}.Release|x64.Build.0 = Release|x64
		{53C9B203-737C-420A-A68D-58643EDEBAC3}.Release|x86.ActiveCfg = Release|Win32
		{53C9B203-737C-420A-A68D-58643EDEBAC3}.Release|x86.Build.0 = Release|Win32
		{BD554B50-A45E-49FA-9B86-F7A1C3CA1695}.Debug|x64.ActiveCfg = Debug|x64
		{BD554B50-A45E-49FA-9B86-F7A1C3CA1695}.Debug|x64.Build.0 = Debug|x64
		{BD554B50-A45E-49FA-9B86-F7A1C3CA1695}.Debug|x86.ActiveCfg = Debug|Win32
		{BD554B50-A45E-49FA-9B86-F7A1C3CA1695}.Debug|x86.Build.0 = Debug|Win32
		{BD554B50-A45E-49FA-9B86-F7A1C3CA1695}.Release|x64.ActiveCfg = Release|x64
		{BD554B50-A45E-49FA-9B86-F7A1C3CA1695}.Release|x64.Build.0 = Release|x64
		{BD554B50-A45E-49FA-9B86-F7A1C3CA1695}.Release|x86.ActiveCfg = Release|Win32
		{BD554B50-A45E-49FA-9B86-F7A1C3CA1695}.Release|x86.Build.0 = Release|Win32
		{101C5FE0-AD5F-4B29-B73D-EFD313B13D50}.Debug|x64.ActiveCfg = Debug|x64
		{101C5FE0-AD5F-4B29-B73D-EFD313B13D50}.Debug|x64.Build.0 = Debug|x64
		{101C5FE0-AD5F-4B29-B73D-EFD313B13D50}.Debug|x86.ActiveCfg = Debug|Win32
		{101C5FE0-AD5F-4B29-B73D-EFD313B13D50}.Debug|x86.Build.0 = Debug|Win32
		{101C5FE0-AD5F-4B29-B73D-EFD313B13D50}.Release|x64.ActiveCfg = Release|x64
		{101C5FE0-AD5F-4B29-B73D-EFD313B13D50}.Release|x64.Build.0 = Release|x64
		{101C5FE0-AD5F-4B29-B73D-EFD313B13D50}.Release|x86.ActiveCfg = Release|Win32
		{101C5FE0-AD5F-4B29-B73D-EFD313B13D50}.Release|x86.Build.0 = Release|Win32
		{1A8B9BFF-CC0D-4418-8A73-AA548705199E}.Debug|x64.ActiveCfg = Debug|x64
		{1A8B9BFF-CC0D-4418-8A73-AA548705199E}.Debug|x64.Build.0 = Debug|x64
		{1A8B9BFF-CC0D-4418-8A73-AA548705199E}.Debug|x86.ActiveCfg = Debug|Win32
		{1A8B9BFF-CC0D-4418-8A73-AA548705199E}.Debug|x86.Build.0 = Debug|Win32
		{1A8B9BFF-CC0D-4418-8A73-AA548705199E}.Release|x64.ActiveCfg = Release|x64
		{1A8B9BFF-CC0D-4418-8A73-AA548705199E}.Release|x64.Build.0 = Release|x64
		{1A8B9BFF-CC0D-4418-8A73-AA548705199E}.Release|x86.ActiveCfg = Release|Win32
		{1A8B9BFF-CC0D-4418-8A73-AA548705199E}.Release|x86.Build.0 = Release|Win32
		{807963D0-8420-4E10-A343-A20C63DFAFD7}.Debug|x64.ActiveCfg = Debug|x64
		{807963D0-8420-4E10-A343-A20C63DFAFD7}.Debug|x64.Build.0 = Debug|x64
		{807963D0-8420-4E10-A343-A20C63DFAFD7}.Debug|x86.ActiveCfg = Debug|Win32
		{807963D0-8420-4E10-A343-A20C63DFAFD7}.Debug|x86.Build.0 = Debug|Win32
		{807963D0-8420-4E10-A343-A20C63DFAFD7}.Release|x64.ActiveCfg = Release|x64
		{807963D0-8420-4E10-A343-A20C63DFAFD7}.Release|x64.Build.0 = Release|x64
		{807963D0-8420-4E10-A343-A20C63DFAFD7}.Release|x86.ActiveCfg = Release|Win32
		{807963D0-8420-4E10-A343-A20C63DFAFD7}.Release|x86.Build.0 = Release|Win32
		{E3607F1C-49A9-42BF-9363-3A812920E3DF}.Debug|x64.ActiveCfg = Debug|x64
		{E3607F1C-49A9-42BF-9363-3A812920E3DF}.Debug|x64.Build.0 = Debug|x64
		{E3607F1C-49A9-42BF-9363-3A812920E3DF}.Debug|x86.ActiveCfg = Debug|Win32
		{E3607F1C-49A9-42BF-9363-3A812920E3DF}.Debug|x86.Build.0 = Debug|Win32
		{E3607F1C-49A9-42BF-9363-3A812920E3DF}.Release|x64.ActiveCfg = Release|x64
		{E3607F1C-49A9-42BF-9363-3A812920E3DF}.Release|x64.Build.0 = Release|x64
		{E3607F1C-49A9-42BF-9363-3A812920E3DF}.Release|x86.ActiveCfg = Release|Win32
		{E3607F1C-49A9-42BF-9363-3A812920E3DF}.Release|x86.Build.0 = Release|Win32
		{78B7701B-2082-4C6F-83CE-7E1FBEF44345}.Debug|x64.ActiveCfg = Debug|x64
		{78B7701B-2082-4C6F-83CE-7E1FBEF44345}.Debug|x64.Build.0 = Debug|x64
		{78B7701B-2082-4C6F-83CE-7E1FBEF44345}.Debug|x86.ActiveCfg = Debug|Win32
		{78B7701B-2082-4C6F-83CE-7E1FBEF44345}.Debug|x86.Build.0 = Debug|Win32
		{78B7701B-2082-4C6F-83CE-7E1FBEF44345}.Release|x64.ActiveCfg = Release|x64
		{78B7701B-2082-4C6F-83CE-7E1FBEF44345}.Release|x64.Build.0 = Release|x64
		{78B7701B-2082-4C6F-83CE-7E1FBEF44345}.Release|x86.ActiveCfg = Release|Win32
		{78B7701B-2082-4C6F-83CE-7E1FBEF44345}.Release|x86.Build.0 = Release|Win32
		{0554EAA8-5660-468F-ADC6-948A4CADE095}.Debug|x64.ActiveCfg = Debug|x64
		{0554EAA8-5660-468F-ADC6-948A4CADE095}.Debug|x64.Build.0 = Debug|x64
		{0554EAA8-5660-468F-ADC6-948A4CADE095}.Debug|x86.ActiveCfg = Debug|Win32
		{0554EAA8-5660-468F-ADC6-948A4CADE095}.Debug|x86.Build.0 = Debug|Win32
		{0554EAA8-5660-468F-ADC6-948A4CADE095}.Release|x64.ActiveCfg = Release|x64
		{0554EAA8-5660-468F-ADC6-948A4CADE095}.Release|x64.Build.0 = Release|x64
		{0554EAA8-5660-468F-ADC6-948A4CADE095}.Release|x86.ActiveCfg = Release|Win32
		{0554EAA8-5660-468F-ADC6-948A4CADE095}.Release|x86.Build.0 = Release|Win32
		{F2A800E6-C3FE-44B0-9395-91B972E4DCBB}.Debug|x64.ActiveCfg = Debug|x64
		{F2A800E6-C3FE-44B0-9395-91B972E4DCBB}.Debug|x64.Build.0 = Debug|x64
		{F2A800E6-C3FE-44B0-9395-91B972E4DCBB}.Debug|x86.ActiveCfg = Debug|Win32
		{F2A800E6-C3FE-44B0-9395-91B972E4DCBB}.Debug|x86.Build.0 = Debug|Win32
		{F2A800E6-C3FE-44B0-9395-91B972E4DCBB}.Release|x64.ActiveCfg = Release|x64
		{F2A800E6-C3FE-44B0-9395-91B972E4DCBB}.Release|x64.Build.0 = Release|x64
		{F2A800E6-C3FE-44B0-9395-91B972E4DCBB}.Release|x86.ActiveCfg = Release|Win32
		{F2A800E6-C3FE-44B0-9395-91B972E4DCBB}.Release|x86.Build.0 = Release|Win32
		{5177E8D4-8001-4C46-841C-FB355D72E074}.Debug|x64.ActiveCfg = Debug|x64
		{5177E8D4-8001-4C46-841C-FB355D72E074}.Debug|x64.Build.0 = Debug|x64
		{5177E8D4-8001-4C46-841C-FB355D72E074}.Debug|x86.ActiveCfg = Debug|Win32
		{5177E8D4-8001-4C46-841C-FB355D72E074}.Debug|x86.Build.0 = Debug|Win32
		{5177E8D4-8001-4C46-841C-FB355D72E074}.Release|x64.ActiveCfg = Release|x64
		{5177E8D4-8001-4C46-841C-FB355D72E074}.Release|x64.Build.0 = Release|x64
		{5177E8D4-8001-4C46-841C-FB355D72E074}.Release|x86.ActiveCfg = Release|Win32
		{5177E8D4-8001-4C46-841C-FB355D72E074}.Release|x86.Build.0 = Release|Win32
		{34368DBF-2861-46AD-B7B5-94D1AF886A0E}.Debug|x64.ActiveCfg = Debug|x64
		{34368DBF-2861-46AD-B7B5-94D1AF886A0E}.Debug|x64.Build.0 = Debug|x64
		{34368DBF-2861-46AD-B7B5-94D1AF886A0E}.Debug|x86.ActiveCfg = Debug|Win32
		{34368DBF-2861-46AD-B7B5-94D1AF886A0E}.Debug|x86.Build.0 = Debug|Win32
		{34368DBF-2861-46AD-B7B5-94D1AF886A0E}.Release|x64.ActiveCfg = Release|x64
		{34368DBF-2861-46AD-B7B5-94D1AF886A0E}.Release|x64.Build.0 = Release|x64
		{34368DBF-2861-46AD-B7B5-94D1AF886A0E}.Release|x86.ActiveCfg = Release|Win32
		{34368DBF-2861-46AD-B7B5-94D1AF886A0E}.Release|x86.Build.0 = Release|Win32
		{D95B9DB8-40AF-4327-A57F-DC17EB88E7F0}.Debug|x64.ActiveCfg = Debug|x64
		{D95B9DB8-40AF-4327-A57F-DC17EB88E7F0}.Debug|x64.Build.0 = Debug|x64
		{D95B9DB8-40AF-4327-A57F-DC17EB88E7F0}.Debug|x86.ActiveCfg = Debug|Win32
		{D95B9DB8-40AF-4327-A57F-DC17EB88E7F0}.Debug|x86.Build.0 = Debug|Win32
		{D95B9DB8-40AF-4327-A57F-DC17EB88E7F0}.Release|x64.ActiveCfg = Release|x64
		{D95B9DB8-40AF-4327-A57F-DC17EB88E7F0}.Release|x64.Build.0 = Release|x64
		{D95B9DB8-40AF-4327-A57F-DC17EB88E7F0}.Release|x86.ActiveCfg = Release|Win32
		{D95B9DB8-40AF-4327-A57F-DC17EB88E7F0}.Release|x86.Build.0 = Release|Win32
		{560F4000-4148-4BA1-9EC4-491FFEA01453}.Debug|x64.ActiveCfg = Debug|x64
		{560F4000-4148-4BA1-9EC4-491FFEA01453}.Debug|x64.Build.0 = Debug|x64
		{560F4000-4148-4BA1-9EC4-491FFEA01453}.Debug|x86.ActiveCfg = Debug|Win32
		{560F4000-4148-4BA1-9EC4-491FFEA01453}.Debug|x86.Build.0 = Debug|Win32
		{560F4000-4148-4BA1-9EC4-491FFEA01453}.Release|x64.ActiveCfg = Release|x64
		{560F4000-4148-4BA1-9EC4-491FFEA01453}.Release|x64.Build.0 = Release|x64
		{560F4000-4148-4BA1-9EC4-491FFEA01453}.Release|x86.ActiveCfg = Release|Win32
		{560F4000-4148-4BA1-9EC4-491FFEA01453}.Release|x86.Build.0 = Release|Win32
		{F18A60EA-0793-46FF-A2A1-293A22938AA2}.Debug|x64.ActiveCfg = Debug|x64
		{F18A60EA-0793-46FF-A2A1-293A22938AA2}.Debug|x64.Build.0 = Debug|x64
		{F18A60EA-0793-46FF-A2A1-293A22938AA2}.Debug|x86.ActiveCfg = Debug|Win32
		{F18A60EA-0793-46FF-A2A1-293A22938AA2}.Debug|x86.Build.0 = Debug|Win32
		{F18A60EA-0793-46FF-A2A1-293A22938AA2}.Release|x64.ActiveCfg = Release|x64
		{F18A60EA-0793-46FF-A2A1-293A22938AA2}.Release|x64.Build.0 = Release|x64
		{F18A60EA-0793-46FF-A2A1-293A22938AA2}.Release|x86.ActiveCfg = Release|Win32
		{F18A60EA-0793-46FF-A2A1-293A22938AA2}.Release|x86.Build.0 = Release|Win32
		{793151E5-A2E4-425A-84EE-038C308968E7}.Debug|x64.ActiveCfg = Debug|x64
		{793151E5-A2E4-425A-84EE-038C308968E7}.Debug|x64.Build.0 = Debug|x64
		{793151E5-A2E4-425A-84EE-038C308968E7}.Debug|x86.ActiveCfg = Debug|Win32
		{793151E5-A2E4-425A-84EE-038C308968E7}.Debug|x86.Build.0 = Debug|Win32
		{793151E5-A2E4-425A-84EE-038C308968E7}.Release|x64.ActiveCfg = Release|x64
		{793151E5-A2E4-425A-84EE-038C308968E7}.Release|x64.Build.0 = Release|x64
		{793151E5-A2E4-425A-84EE-038C308968E7}.Release|x86.ActiveCfg = Release|Win32
		{793151E5-A2E4-425A-84EE-038C308968E7}.Release|x86.Build.0 = Release|Win32
	EndGlobalSection
	GlobalSection(SolutionProperties) = preSolution
		HideSolutionNode = FALSE
	EndGlobalSection
	GlobalSection(NestedProjects) = preSolution
		{750098B4-5CBC-4F08-A4F4-7C6615E763A7} = {B0BAA5B6-0FF7-430A-BF1F-A4478E22243F}
		{4F2C462C-EE29-4E0C-8CF1-01876B77CCA6} = {750098B4-5CBC-4F08-A4F4-7C6615E763A7}
		{9ACB3068-AF7B-4C12-B8EE-B24083028081} = {750098B4-5CBC-4F08-A4F4-7C6615E763A7}
		{54A412C2-BCE0-4D25-ADED-1FBFF2818FFA} = {750098B4-5CBC-4F08-A4F4-7C6615E763A7}
		{0D8D6552-9516-495C-B830-AA77BBDFBE1F} = {750098B4-5CBC-4F08-A4F4-7C6615E763A7}
		{89563127-7D76-4F1D-AA49-71AE4F7DF25D} = {750098B4-5CBC-4F08-A4F4-7C6615E763A7}
		{35AB7EC2-E1FA-4FF3-8ECD-46F7D3336E29} = {750098B4-5CBC-4F08-A4F4-7C6615E763A7}
		{FF203E8D-1F15-4AF6-95E1-2EF86E1EDC1F} = {750098B4-5CBC-4F08-A4F4-7C6615E763A7}
		{08131D57-E9A4-42A7-8E15-F7218D682154} = {750098B4-5CBC-4F08-A4F4-7C6615E763A7}
		{5329A6BB-9B1B-40EC-A13C-B20137EB3D4B} = {750098B4-5CBC-4F08-A4F4-7C6615E763A7}
		{D7760B47-1B88-4988-B53F-76755465C498} = {A91C7588-BC04-41EC-A134-582277AAFD8B}
		{BD3B0A75-8B79-4DC9-83CC-20E9E2E78109} = {D7760B47-1B88-4988-B53F-76755465C498}
		{612D1571-F9F5-4876-A490-84B205E675FC} = {D7760B47-1B88-4988-B53F-76755465C498}
		{19BD659F-D474-466F-9CFF-9BA99A27FBC4} = {D7760B47-1B88-4988-B53F-76755465C498}
		{D09CBED5-85FD-407B-8C27-087D974175AD} = {D7760B47-1B88-4988-B53F-76755465C498}
		{472E1209-19AB-475C-A7E6-6766878B714E} = {D7760B47-1B88-4988-B53F-76755465C498}
		{28306865-BA10-4E7C-B368-4767236EC63B} = {D7760B47-1B88-4988-B53F-76755465C498}
		{AF6E8A24-EC58-41DD-8F54-69F8E8849475} = {D7760B47-1B88-4988-B53F-76755465C498}
		{57FA4489-3065-486F-ABC8-0B496E85255B} = {D7760B47-1B88-4988-B53F-76755465C498}
		{96C11C24-33E7-4E8B-81C1-3CF9482AF0C0} = {D7760B47-1B88-4988-B53F-76755465C498}
		{5F4C6EDB-C1FA-4554-830F-5DBB2BF6F5C8} = {D7760B47-1B88-4988-B53F-76755465C498}
		{2E72990F-BFD0-4C8C-9EFC-E29C7BBAF988} = {D7760B47-1B88-4988-B53F-76755465C498}
		{B3C33F74-553B-4735-B2F5-51E6A4BE5E37} = {D7760B47-1B88-4988-B53F-76755465C498}
		{D2EB1CC2-84FB-4C3B-A89D-125C5BB04B26} = {D7760B47-1B88-4988-B53F-76755465C498}
		{C884D569-763D-4A6E-AA6B-24DEE9182C16} = {D7760B47-1B88-4988-B53F-76755465C498}
		{361F1A37-8078-4F58-88BA-549294B31D57} = {D7760B47-1B88-4988-B53F-76755465C498}
		{7B6E18F4-EB5F-4DB8-8914-BE5BD9D604B3} = {D7760B47-1B88-4988-B53F-76755465C498}
		{7E0A84B3-278C-4BA3-8B35-54BEDFD85100} = {D7760B47-1B88-4988-B53F-76755465C498}
		{05581D70-6DFC-4129-97B4-C1D95679BD5E} = {D7760B47-1B88-4988-B53F-76755465C498}
		{FF9141E3-F31F-430B-B749-A1CD42BC2C33} = {D7760B47-1B88-4988-B53F-76755465C498}
		{53C9B203-737C-420A-A68D-58643EDEBAC3} = {FF9141E3-F31F-430B-B749-A1CD42BC2C33}
		{BD554B50-A45E-49FA-9B86-F7A1C3CA1695} = {FF9141E3-F31F-430B-B749-A1CD42BC2C33}
		{101C5FE0-AD5F-4B29-B73D-EFD313B13D50} = {FF9141E3-F31F-430B-B749-A1CD42BC2C33}
		{1A8B9BFF-CC0D-4418-8A73-AA548705199E} = {FF9141E3-F31F-430B-B749-A1CD42BC2C33}
		{807963D0-8420-4E10-A343-A20C63DFAFD7} = {FF9141E3-F31F-430B-B749-A1CD42BC2C33}
		{E3607F1C-49A9-42BF-9363-3A812920E3DF} = {FF9141E3-F31F-430B-B749-A1CD42BC2C33}
		{78B7701B-2082-4C6F-83CE-7E1FBEF44345} = {FF9141E3-F31F-430B-B749-A1CD42BC2C33}
		{0554EAA8-5660-468F-ADC6-948A4CADE095} = {FF9141E3-F31F-430B-B749-A1CD42BC2C33}
		{98A13774-9CD7-479A-A28B-D2A0E3B6C57C} = {B0BAA5B6-0FF7-430A-BF1F-A4478E22243F}
		{F2A800E6-C3FE-44B0-9395-91B972E4DCBB} = {98A13774-9CD7-479A-A28B-D2A0E3B6C57C}
		{5177E8D4-8001-4C46-841C-FB355D72E074} = {98A13774-9CD7-479A-A28B-D2A0E3B6C57C}
		{34368DBF-2861-46AD-B7B5-94D1AF886A0E} = {98A13774-9CD7-479A-A28B-D2A0E3B6C57C}
		{D95B9DB8-40AF-4327-A57F-DC17EB88E7F0} = {98A13774-9CD7-479A-A28B-D2A0E3B6C57C}
		{560F4000-4148-4BA1-9EC4-491FFEA01453} = {98A13774-9CD7-479A-A28B-D2A0E3B6C57C}
		{F18A60EA-0793-46FF-A2A1-293A22938AA2} = {98A13774-9CD7-479A-A28B-D2A0E3B6C57C}
		{793151E5-A2E4-425A-84EE-038C308968E7} = {98A13774-9CD7-479A-A28B-D2A0E3B6C57C}
	EndGlobalSection
	GlobalSection(ExtensibilityGlobals) = postSolution
		SolutionGuid = {B425C202-3CF8-4A35-82D4-FC8708A4A414}
	EndGlobalSection
EndGlobal
